
Microsoft Visual Studio Solution File, Format Version 12.00
# Visual Studio Version 17
VisualStudioVersion = 17.0.31903.59
MinimumVisualStudioVersion = 10.0.40219.1
Project("{2150E333-8FDC-42A3-9474-1A3956D46DE8}") = "src", "src", "{827E0CD3-B72D-47B6-A68D-7590B98EB39B}"
EndProject
Project("{2150E333-8FDC-42A3-9474-1A3956D46DE8}") = "Core", "Core", "{C3B186ED-303A-47DA-9194-1487940D1B76}"
EndProject
Project("{2150E333-8FDC-42A3-9474-1A3956D46DE8}") = "Rust", "Rust", "{457EF81F-740D-477A-B42A-31448C309D32}"
EndProject
Project("{2150E333-8FDC-42A3-9474-1A3956D46DE8}") = "Desktop", "Desktop", "{F74DEDD3-FBA4-488A-A066-238CBBB290CB}"
EndProject
Project("{2150E333-8FDC-42A3-9474-1A3956D46DE8}") = "Web", "Web", "{55EBBA83-5C13-4EB3-B29C-866BBFAC7B77}"
EndProject
Project("{2150E333-8FDC-42A3-9474-1A3956D46DE8}") = "Mobile", "Mobile", "{0ECB4AF3-68C1-425A-881B-D78D120F72FE}"
EndProject
Project("{2150E333-8FDC-42A3-9474-1A3956D46DE8}") = "tests", "tests", "{0AB3BF05-4346-4AA6-1389-037BE0695223}"
EndProject
Project("{FAE04EC0-301F-11D3-BF4B-00C04F79EFBC}") = "Kubuno.VisualStudio", "src\Kubuno.VisualStudio\Kubuno.VisualStudio.csproj", "{9A6A9E2A-2B0C-4C7F-8F0F-7F7A8D9B6C11}"
EndProject
Project("{FAE04EC0-301F-11D3-BF4B-00C04F79EFBC}") = "Kubuno.Core", "src\Core\Kubuno.Core\Kubuno.Core.csproj", "{9C31551F-795A-4B62-93CD-D35F0D91F73E}"
EndProject
Project("{FAE04EC0-301F-11D3-BF4B-00C04F79EFBC}") = "Kubuno.Core.Logic", "src\Core\Kubuno.Core.Logic\Kubuno.Core.Logic.csproj", "{3AA9F22E-A5B8-4716-A81B-46B5CFDD3CD3}"
EndProject
Project("{FAE04EC0-301F-11D3-BF4B-00C04F79EFBC}") = "Kubuno.Core.Mcp", "src\Core\Kubuno.Core.Mcp\Kubuno.Core.Mcp.csproj", "{BE214089-0974-4C47-95EA-EB1A059EB17A}"
EndProject
Project("{FAE04EC0-301F-11D3-BF4B-00C04F79EFBC}") = "Kubuno.Core.Mcp.Bridge", "src\Core\Kubuno.Core.Mcp.Bridge\Kubuno.Core.Mcp.Bridge.csproj", "{CB4D8D70-B802-48EE-BA00-5D9CC66A6339}"
EndProject
Project("{FAE04EC0-301F-11D3-BF4B-00C04F79EFBC}") = "Kubuno.Core.DevAssistant", "src\Core\Kubuno.Core.DevAssistant\Kubuno.Core.DevAssistant.csproj", "{7D4C2B91-5E3A-4F8B-9C1D-2E6F8A0B3C41}"
EndProject
Project("{FAE04EC0-301F-11D3-BF4B-00C04F79EFBC}") = "Kubuno.Core.DevAssistant.Logic", "src\Core\Kubuno.Core.DevAssistant.Logic\Kubuno.Core.DevAssistant.Logic.csproj", "{8E5D3CA2-6F4B-4A9C-8D2E-3F7A9B1C4D52}"
EndProject
Project("{FAE04EC0-301F-11D3-BF4B-00C04F79EFBC}") = "Kubuno.Core.DevAssistant.Host", "src\Core\Kubuno.Core.DevAssistant.Host\Kubuno.Core.DevAssistant.Host.csproj", "{9F6E4DB3-7A5C-4BAD-9E3F-4A8B0C2D5E63}"
EndProject
Project("{FAE04EC0-301F-11D3-BF4B-00C04F79EFBC}") = "Kubuno.Core.DevAssistant.Tests", "tests\Kubuno.Core.DevAssistant.Tests\Kubuno.Core.DevAssistant.Tests.csproj", "{A0F75EC4-8B6D-4CBE-AF40-5B9C1D3E6F74}"
EndProject
Project("{FAE04EC0-301F-11D3-BF4B-00C04F79EFBC}") = "Kubuno.Rust", "src\Rust\Kubuno.Rust\Kubuno.Rust.csproj", "{AD8A66D1-43F0-42CB-9BA4-D456C2A9C3E0}"
EndProject
Project("{FAE04EC0-301F-11D3-BF4B-00C04F79EFBC}") = "Kubuno.Rust.Logic", "src\Rust\Kubuno.Rust.Logic\Kubuno.Rust.Logic.csproj", "{F70EA62B-E3C4-4FF3-8DA4-176C2EEB6577}"
EndProject
Project("{FAE04EC0-301F-11D3-BF4B-00C04F79EFBC}") = "Kubuno.Rust.Cargo", "src\Rust\Kubuno.Rust.Cargo\Kubuno.Rust.Cargo.csproj", "{6A81CEC0-A903-4831-8F16-CF6D2A9F58BA}"
EndProject
Project("{FAE04EC0-301F-11D3-BF4B-00C04F79EFBC}") = "Kubuno.Rust.Launch", "src\Rust\Kubuno.Rust.Launch\Kubuno.Rust.Launch.csproj", "{869D6510-4C5E-4840-B50D-9847B2B1AAE7}"
EndProject
Project("{FAE04EC0-301F-11D3-BF4B-00C04F79EFBC}") = "Kubuno.Rust.ProjectSystem", "src\Rust\Kubuno.Rust.ProjectSystem\Kubuno.Rust.ProjectSystem.csproj", "{0C294240-346F-488C-96E3-6B84144828DB}"
EndProject
Project("{FAE04EC0-301F-11D3-BF4B-00C04F79EFBC}") = "Kubuno.Rust.TestAdapter", "src\Rust\Kubuno.Rust.TestAdapter\Kubuno.Rust.TestAdapter.csproj", "{6BD0B996-C446-4040-A5A3-0052B5864ED6}"
EndProject
Project("{FAE04EC0-301F-11D3-BF4B-00C04F79EFBC}") = "Kubuno.Rust.Debugger", "src\Rust\Kubuno.Rust.Debugger\Kubuno.Rust.Debugger.csproj", "{4E9C2A7B-1D3F-4B8E-A5C6-7D8E9F0A1B2C}"
EndProject
Project("{FAE04EC0-301F-11D3-BF4B-00C04F79EFBC}") = "Kubuno.Rust.TemplateWizard", "src\Rust\Kubuno.Rust.TemplateWizard\Kubuno.Rust.TemplateWizard.csproj", "{13D74529-E7F0-4520-BC27-818544CD788B}"
EndProject
Project("{FAE04EC0-301F-11D3-BF4B-00C04F79EFBC}") = "Kubuno.Cargo.MSBuild.Tasks", "src\Rust\Kubuno.Cargo.MSBuild.Tasks\Kubuno.Cargo.MSBuild.Tasks.csproj", "{3110E57D-2F92-4EF9-A8B8-0BD31025C0D6}"
EndProject
Project("{FAE04EC0-301F-11D3-BF4B-00C04F79EFBC}") = "Kubuno.Desktop", "src\Desktop\Kubuno.Desktop\Kubuno.Desktop.csproj", "{1D196AB0-036F-4DB8-BCDB-1AD232D81966}"
EndProject
Project("{FAE04EC0-301F-11D3-BF4B-00C04F79EFBC}") = "Kubuno.Desktop.Logic", "src\Desktop\Kubuno.Desktop.Logic\Kubuno.Desktop.Logic.csproj", "{F52EDA76-67AE-447E-B84C-854EDBB3A146}"
EndProject
Project("{FAE04EC0-301F-11D3-BF4B-00C04F79EFBC}") = "Kubuno.Desktop.ProjectSystem", "src\Desktop\Kubuno.Desktop.ProjectSystem\Kubuno.Desktop.ProjectSystem.csproj", "{4D195EEA-AC60-48B6-913D-BEE1D35A6E51}"
EndProject
Project("{FAE04EC0-301F-11D3-BF4B-00C04F79EFBC}") = "Kubuno.Desktop.TemplateWizard", "src\Desktop\Kubuno.Desktop.TemplateWizard\Kubuno.Desktop.TemplateWizard.csproj", "{AAB642BF-FD1C-480B-A767-A1311FEDCE81}"
EndProject
Project("{FAE04EC0-301F-11D3-BF4B-00C04F79EFBC}") = "Kubuno.Web", "src\Web\Kubuno.Web\Kubuno.Web.csproj", "{9E9B7555-EAE9-490E-84D7-7CFFE22323E2}"
EndProject
Project("{FAE04EC0-301F-11D3-BF4B-00C04F79EFBC}") = "Kubuno.Mobile", "src\Mobile\Kubuno.Mobile\Kubuno.Mobile.csproj", "{DF64BC4D-3BAD-4C4E-8BAF-F2CEDA4E0782}"
EndProject
Project("{FAE04EC0-301F-11D3-BF4B-00C04F79EFBC}") = "Kubuno.Rust.Sdk", "sdk\Kubuno.Rust.Sdk\Kubuno.Rust.Sdk.csproj", "{421C0240-90EB-4CF9-9BE4-FA0957DE4276}"
EndProject
Project("{FAE04EC0-301F-11D3-BF4B-00C04F79EFBC}") = "Kubuno.Core.Tests", "tests\Kubuno.Core.Tests\Kubuno.Core.Tests.csproj", "{5E80A16A-2DFE-44F7-BAD8-CA10CAFC5FB9}"
EndProject
Project("{FAE04EC0-301F-11D3-BF4B-00C04F79EFBC}") = "Kubuno.Core.Mcp.Tests", "tests\Kubuno.Core.Mcp.Tests\Kubuno.Core.Mcp.Tests.csproj", "{863F9188-7D19-4E8A-AECB-91DBB844A712}"
EndProject
Project("{FAE04EC0-301F-11D3-BF4B-00C04F79EFBC}") = "Kubuno.Rust.Tests", "tests\Kubuno.Rust.Tests\Kubuno.Rust.Tests.csproj", "{B3F27179-AF7F-4395-ABB4-3FED7533225A}"
EndProject
Project("{FAE04EC0-301F-11D3-BF4B-00C04F79EFBC}") = "Kubuno.Rust.Cargo.Tests", "tests\Kubuno.Rust.Cargo.Tests\Kubuno.Rust.Cargo.Tests.csproj", "{ECA9367B-D3FE-4A13-ABF0-F451C331A885}"
EndProject
Project("{FAE04EC0-301F-11D3-BF4B-00C04F79EFBC}") = "Kubuno.Rust.Launch.Tests", "tests\Kubuno.Rust.Launch.Tests\Kubuno.Rust.Launch.Tests.csproj", "{1D769E33-7AF6-4B4C-8E93-2F66459EE8CF}"
EndProject
Project("{FAE04EC0-301F-11D3-BF4B-00C04F79EFBC}") = "Kubuno.Rust.TestAdapter.Tests", "tests\Kubuno.Rust.TestAdapter.Tests\Kubuno.Rust.TestAdapter.Tests.csproj", "{409AE0A4-297D-47EB-A821-9FD9449A3CC5}"
EndProject
Project("{FAE04EC0-301F-11D3-BF4B-00C04F79EFBC}") = "Kubuno.Cargo.MSBuild.Tasks.Tests", "tests\Kubuno.Cargo.MSBuild.Tasks.Tests\Kubuno.Cargo.MSBuild.Tasks.Tests.csproj", "{A38398BD-C154-43AF-97E9-80D9641F6B52}"
EndProject
Project("{FAE04EC0-301F-11D3-BF4B-00C04F79EFBC}") = "Kubuno.Desktop.Tests", "tests\Kubuno.Desktop.Tests\Kubuno.Desktop.Tests.csproj", "{E4CD7EF3-7F44-4BCB-8D65-ABF3505BF96F}"
EndProject
Project("{FAE04EC0-301F-11D3-BF4B-00C04F79EFBC}") = "Kubuno.Architecture.Tests", "tests\Kubuno.Architecture.Tests\Kubuno.Architecture.Tests.csproj", "{BB8CC93D-4B9E-4267-9CEE-697C1B176E39}"
	ProjectSection(ProjectDependencies) = postProject
		{9A6A9E2A-2B0C-4C7F-8F0F-7F7A8D9B6C11} = {9A6A9E2A-2B0C-4C7F-8F0F-7F7A8D9B6C11}
		{3110E57D-2F92-4EF9-A8B8-0BD31025C0D6} = {3110E57D-2F92-4EF9-A8B8-0BD31025C0D6}
	EndProjectSection
EndProject
Project("{FAE04EC0-301F-11D3-BF4B-00C04F79EFBC}") = "Kubuno.Web.Logic", "src\Web\Kubuno.Web.Logic\Kubuno.Web.Logic.csproj", "{22D12880-4BD2-4AC0-9927-A4DC01455678}"
EndProject
Project("{FAE04EC0-301F-11D3-BF4B-00C04F79EFBC}") = "Kubuno.Web.ProjectSystem", "src\Web\Kubuno.Web.ProjectSystem\Kubuno.Web.ProjectSystem.csproj", "{377BE963-83D9-4EE0-9DF0-D33C57979829}"
EndProject
Project("{FAE04EC0-301F-11D3-BF4B-00C04F79EFBC}") = "Kubuno.Web.MSBuild.Tasks", "src\Web\Kubuno.Web.MSBuild.Tasks\Kubuno.Web.MSBuild.Tasks.csproj", "{0CF99684-818C-4EA0-9C33-2AF857F171E8}"
EndProject
Project("{FAE04EC0-301F-11D3-BF4B-00C04F79EFBC}") = "Kubuno.Web.TemplateWizard", "src\Web\Kubuno.Web.TemplateWizard\Kubuno.Web.TemplateWizard.csproj", "{FB37CA6E-98AA-4F42-801C-AB9F100786E3}"
EndProject
Project("{FAE04EC0-301F-11D3-BF4B-00C04F79EFBC}") = "Kubuno.Web.Tests", "tests\Kubuno.Web.Tests\Kubuno.Web.Tests.csproj", "{4447E6C4-65C5-4628-BE02-13DE2A81AC8F}"
EndProject
Project("{2150E333-8FDC-42A3-9474-1A3956D46DE8}") = "sdk", "sdk", "{FF13A09E-0E72-1904-124B-A4E979EF28D3}"
EndProject
Project("{FAE04EC0-301F-11D3-BF4B-00C04F79EFBC}") = "Kubuno.Web.Sdk", "sdk\Kubuno.Web.Sdk\Kubuno.Web.Sdk.csproj", "{8137E2F3-0F36-4CFD-B776-2F52C510D875}"
EndProject
Global
	GlobalSection(SolutionConfigurationPlatforms) = preSolution
		Debug|Any CPU = Debug|Any CPU
		Debug|x64 = Debug|x64
		Debug|x86 = Debug|x86
		Release|Any CPU = Release|Any CPU
		Release|x64 = Release|x64
		Release|x86 = Release|x86
	EndGlobalSection
	GlobalSection(ProjectConfigurationPlatforms) = postSolution
		{9A6A9E2A-2B0C-4C7F-8F0F-7F7A8D9B6C11}.Debug|Any CPU.ActiveCfg = Debug|Any CPU
		{9A6A9E2A-2B0C-4C7F-8F0F-7F7A8D9B6C11}.Debug|Any CPU.Build.0 = Debug|Any CPU
		{9A6A9E2A-2B0C-4C7F-8F0F-7F7A8D9B6C11}.Debug|x64.ActiveCfg = Debug|Any CPU
		{9A6A9E2A-2B0C-4C7F-8F0F-7F7A8D9B6C11}.Debug|x64.Build.0 = Debug|Any CPU
		{9A6A9E2A-2B0C-4C7F-8F0F-7F7A8D9B6C11}.Debug|x86.ActiveCfg = Debug|Any CPU
		{9A6A9E2A-2B0C-4C7F-8F0F-7F7A8D9B6C11}.Debug|x86.Build.0 = Debug|Any CPU
		{9A6A9E2A-2B0C-4C7F-8F0F-7F7A8D9B6C11}.Release|Any CPU.ActiveCfg = Release|Any CPU
		{9A6A9E2A-2B0C-4C7F-8F0F-7F7A8D9B6C11}.Release|Any CPU.Build.0 = Release|Any CPU
		{9A6A9E2A-2B0C-4C7F-8F0F-7F7A8D9B6C11}.Release|x64.ActiveCfg = Release|Any CPU
		{9A6A9E2A-2B0C-4C7F-8F0F-7F7A8D9B6C11}.Release|x64.Build.0 = Release|Any CPU
		{9A6A9E2A-2B0C-4C7F-8F0F-7F7A8D9B6C11}.Release|x86.ActiveCfg = Release|Any CPU
		{9A6A9E2A-2B0C-4C7F-8F0F-7F7A8D9B6C11}.Release|x86.Build.0 = Release|Any CPU
		{9C31551F-795A-4B62-93CD-D35F0D91F73E}.Debug|Any CPU.ActiveCfg = Debug|Any CPU
		{9C31551F-795A-4B62-93CD-D35F0D91F73E}.Debug|Any CPU.Build.0 = Debug|Any CPU
		{9C31551F-795A-4B62-93CD-D35F0D91F73E}.Debug|x64.ActiveCfg = Debug|Any CPU
		{9C31551F-795A-4B62-93CD-D35F0D91F73E}.Debug|x64.Build.0 = Debug|Any CPU
		{9C31551F-795A-4B62-93CD-D35F0D91F73E}.Debug|x86.ActiveCfg = Debug|Any CPU
		{9C31551F-795A-4B62-93CD-D35F0D91F73E}.Debug|x86.Build.0 = Debug|Any CPU
		{9C31551F-795A-4B62-93CD-D35F0D91F73E}.Release|Any CPU.ActiveCfg = Release|Any CPU
		{9C31551F-795A-4B62-93CD-D35F0D91F73E}.Release|Any CPU.Build.0 = Release|Any CPU
		{9C31551F-795A-4B62-93CD-D35F0D91F73E}.Release|x64.ActiveCfg = Release|Any CPU
		{9C31551F-795A-4B62-93CD-D35F0D91F73E}.Release|x64.Build.0 = Release|Any CPU
		{9C31551F-795A-4B62-93CD-D35F0D91F73E}.Release|x86.ActiveCfg = Release|Any CPU
		{9C31551F-795A-4B62-93CD-D35F0D91F73E}.Release|x86.Build.0 = Release|Any CPU
		{3AA9F22E-A5B8-4716-A81B-46B5CFDD3CD3}.Debug|Any CPU.ActiveCfg = Debug|Any CPU
		{3AA9F22E-A5B8-4716-A81B-46B5CFDD3CD3}.Debug|Any CPU.Build.0 = Debug|Any CPU
		{3AA9F22E-A5B8-4716-A81B-46B5CFDD3CD3}.Debug|x64.ActiveCfg = Debug|Any CPU
		{3AA9F22E-A5B8-4716-A81B-46B5CFDD3CD3}.Debug|x64.Build.0 = Debug|Any CPU
		{3AA9F22E-A5B8-4716-A81B-46B5CFDD3CD3}.Debug|x86.ActiveCfg = Debug|Any CPU
		{3AA9F22E-A5B8-4716-A81B-46B5CFDD3CD3}.Debug|x86.Build.0 = Debug|Any CPU
		{3AA9F22E-A5B8-4716-A81B-46B5CFDD3CD3}.Release|Any CPU.ActiveCfg = Release|Any CPU
		{3AA9F22E-A5B8-4716-A81B-46B5CFDD3CD3}.Release|Any CPU.Build.0 = Release|Any CPU
		{3AA9F22E-A5B8-4716-A81B-46B5CFDD3CD3}.Release|x64.ActiveCfg = Release|Any CPU
		{3AA9F22E-A5B8-4716-A81B-46B5CFDD3CD3}.Release|x64.Build.0 = Release|Any CPU
		{3AA9F22E-A5B8-4716-A81B-46B5CFDD3CD3}.Release|x86.ActiveCfg = Release|Any CPU
		{3AA9F22E-A5B8-4716-A81B-46B5CFDD3CD3}.Release|x86.Build.0 = Release|Any CPU
		{BE214089-0974-4C47-95EA-EB1A059EB17A}.Debug|Any CPU.ActiveCfg = Debug|Any CPU
		{BE214089-0974-4C47-95EA-EB1A059EB17A}.Debug|Any CPU.Build.0 = Debug|Any CPU
		{BE214089-0974-4C47-95EA-EB1A059EB17A}.Debug|x64.ActiveCfg = Debug|Any CPU
		{BE214089-0974-4C47-95EA-EB1A059EB17A}.Debug|x64.Build.0 = Debug|Any CPU
		{BE214089-0974-4C47-95EA-EB1A059EB17A}.Debug|x86.ActiveCfg = Debug|Any CPU
		{BE214089-0974-4C47-95EA-EB1A059EB17A}.Debug|x86.Build.0 = Debug|Any CPU
		{BE214089-0974-4C47-95EA-EB1A059EB17A}.Release|Any CPU.ActiveCfg = Release|Any CPU
		{BE214089-0974-4C47-95EA-EB1A059EB17A}.Release|Any CPU.Build.0 = Release|Any CPU
		{BE214089-0974-4C47-95EA-EB1A059EB17A}.Release|x64.ActiveCfg = Release|Any CPU
		{BE214089-0974-4C47-95EA-EB1A059EB17A}.Release|x64.Build.0 = Release|Any CPU
		{BE214089-0974-4C47-95EA-EB1A059EB17A}.Release|x86.ActiveCfg = Release|Any CPU
		{BE214089-0974-4C47-95EA-EB1A059EB17A}.Release|x86.Build.0 = Release|Any CPU
		{CB4D8D70-B802-48EE-BA00-5D9CC66A6339}.Debug|Any CPU.ActiveCfg = Debug|Any CPU
		{CB4D8D70-B802-48EE-BA00-5D9CC66A6339}.Debug|Any CPU.Build.0 = Debug|Any CPU
		{CB4D8D70-B802-48EE-BA00-5D9CC66A6339}.Debug|x64.ActiveCfg = Debug|Any CPU
		{CB4D8D70-B802-48EE-BA00-5D9CC66A6339}.Debug|x64.Build.0 = Debug|Any CPU
		{CB4D8D70-B802-48EE-BA00-5D9CC66A6339}.Debug|x86.ActiveCfg = Debug|Any CPU
		{CB4D8D70-B802-48EE-BA00-5D9CC66A6339}.Debug|x86.Build.0 = Debug|Any CPU
		{CB4D8D70-B802-48EE-BA00-5D9CC66A6339}.Release|Any CPU.ActiveCfg = Release|Any CPU
		{CB4D8D70-B802-48EE-BA00-5D9CC66A6339}.Release|Any CPU.Build.0 = Release|Any CPU
		{CB4D8D70-B802-48EE-BA00-5D9CC66A6339}.Release|x64.ActiveCfg = Release|Any CPU
		{CB4D8D70-B802-48EE-BA00-5D9CC66A6339}.Release|x64.Build.0 = Release|Any CPU
		{CB4D8D70-B802-48EE-BA00-5D9CC66A6339}.Release|x86.ActiveCfg = Release|Any CPU
		{CB4D8D70-B802-48EE-BA00-5D9CC66A6339}.Release|x86.Build.0 = Release|Any CPU
		{AD8A66D1-43F0-42CB-9BA4-D456C2A9C3E0}.Debug|Any CPU.ActiveCfg = Debug|Any CPU
		{AD8A66D1-43F0-42CB-9BA4-D456C2A9C3E0}.Debug|Any CPU.Build.0 = Debug|Any CPU
		{AD8A66D1-43F0-42CB-9BA4-D456C2A9C3E0}.Debug|x64.ActiveCfg = Debug|Any CPU
		{AD8A66D1-43F0-42CB-9BA4-D456C2A9C3E0}.Debug|x64.Build.0 = Debug|Any CPU
		{AD8A66D1-43F0-42CB-9BA4-D456C2A9C3E0}.Debug|x86.ActiveCfg = Debug|Any CPU
		{AD8A66D1-43F0-42CB-9BA4-D456C2A9C3E0}.Debug|x86.Build.0 = Debug|Any CPU
		{AD8A66D1-43F0-42CB-9BA4-D456C2A9C3E0}.Release|Any CPU.ActiveCfg = Release|Any CPU
		{AD8A66D1-43F0-42CB-9BA4-D456C2A9C3E0}.Release|Any CPU.Build.0 = Release|Any CPU
		{AD8A66D1-43F0-42CB-9BA4-D456C2A9C3E0}.Release|x64.ActiveCfg = Release|Any CPU
		{AD8A66D1-43F0-42CB-9BA4-D456C2A9C3E0}.Release|x64.Build.0 = Release|Any CPU
		{AD8A66D1-43F0-42CB-9BA4-D456C2A9C3E0}.Release|x86.ActiveCfg = Release|Any CPU
		{AD8A66D1-43F0-42CB-9BA4-D456C2A9C3E0}.Release|x86.Build.0 = Release|Any CPU
		{F70EA62B-E3C4-4FF3-8DA4-176C2EEB6577}.Debug|Any CPU.ActiveCfg = Debug|Any CPU
		{F70EA62B-E3C4-4FF3-8DA4-176C2EEB6577}.Debug|Any CPU.Build.0 = Debug|Any CPU
		{F70EA62B-E3C4-4FF3-8DA4-176C2EEB6577}.Debug|x64.ActiveCfg = Debug|Any CPU
		{F70EA62B-E3C4-4FF3-8DA4-176C2EEB6577}.Debug|x64.Build.0 = Debug|Any CPU
		{F70EA62B-E3C4-4FF3-8DA4-176C2EEB6577}.Debug|x86.ActiveCfg = Debug|Any CPU
		{F70EA62B-E3C4-4FF3-8DA4-176C2EEB6577}.Debug|x86.Build.0 = Debug|Any CPU
		{F70EA62B-E3C4-4FF3-8DA4-176C2EEB6577}.Release|Any CPU.ActiveCfg = Release|Any CPU
		{F70EA62B-E3C4-4FF3-8DA4-176C2EEB6577}.Release|Any CPU.Build.0 = Release|Any CPU
		{F70EA62B-E3C4-4FF3-8DA4-176C2EEB6577}.Release|x64.ActiveCfg = Release|Any CPU
		{F70EA62B-E3C4-4FF3-8DA4-176C2EEB6577}.Release|x64.Build.0 = Release|Any CPU
		{F70EA62B-E3C4-4FF3-8DA4-176C2EEB6577}.Release|x86.ActiveCfg = Release|Any CPU
		{F70EA62B-E3C4-4FF3-8DA4-176C2EEB6577}.Release|x86.Build.0 = Release|Any CPU
		{6A81CEC0-A903-4831-8F16-CF6D2A9F58BA}.Debug|Any CPU.ActiveCfg = Debug|Any CPU
		{6A81CEC0-A903-4831-8F16-CF6D2A9F58BA}.Debug|Any CPU.Build.0 = Debug|Any CPU
		{6A81CEC0-A903-4831-8F16-CF6D2A9F58BA}.Debug|x64.ActiveCfg = Debug|Any CPU
		{6A81CEC0-A903-4831-8F16-CF6D2A9F58BA}.Debug|x64.Build.0 = Debug|Any CPU
		{6A81CEC0-A903-4831-8F16-CF6D2A9F58BA}.Debug|x86.ActiveCfg = Debug|Any CPU
		{6A81CEC0-A903-4831-8F16-CF6D2A9F58BA}.Debug|x86.Build.0 = Debug|Any CPU
		{6A81CEC0-A903-4831-8F16-CF6D2A9F58BA}.Release|Any CPU.ActiveCfg = Release|Any CPU
		{6A81CEC0-A903-4831-8F16-CF6D2A9F58BA}.Release|Any CPU.Build.0 = Release|Any CPU
		{6A81CEC0-A903-4831-8F16-CF6D2A9F58BA}.Release|x64.ActiveCfg = Release|Any CPU
		{6A81CEC0-A903-4831-8F16-CF6D2A9F58BA}.Release|x64.Build.0 = Release|Any CPU
		{6A81CEC0-A903-4831-8F16-CF6D2A9F58BA}.Release|x86.ActiveCfg = Release|Any CPU
		{6A81CEC0-A903-4831-8F16-CF6D2A9F58BA}.Release|x86.Build.0 = Release|Any CPU
		{869D6510-4C5E-4840-B50D-9847B2B1AAE7}.Debug|Any CPU.ActiveCfg = Debug|Any CPU
		{869D6510-4C5E-4840-B50D-9847B2B1AAE7}.Debug|Any CPU.Build.0 = Debug|Any CPU
		{869D6510-4C5E-4840-B50D-9847B2B1AAE7}.Debug|x64.ActiveCfg = Debug|Any CPU
		{869D6510-4C5E-4840-B50D-9847B2B1AAE7}.Debug|x64.Build.0 = Debug|Any CPU
		{869D6510-4C5E-4840-B50D-9847B2B1AAE7}.Debug|x86.ActiveCfg = Debug|Any CPU
		{869D6510-4C5E-4840-B50D-9847B2B1AAE7}.Debug|x86.Build.0 = Debug|Any CPU
		{869D6510-4C5E-4840-B50D-9847B2B1AAE7}.Release|Any CPU.ActiveCfg = Release|Any CPU
		{869D6510-4C5E-4840-B50D-9847B2B1AAE7}.Release|Any CPU.Build.0 = Release|Any CPU
		{869D6510-4C5E-4840-B50D-9847B2B1AAE7}.Release|x64.ActiveCfg = Release|Any CPU
		{869D6510-4C5E-4840-B50D-9847B2B1AAE7}.Release|x64.Build.0 = Release|Any CPU
		{869D6510-4C5E-4840-B50D-9847B2B1AAE7}.Release|x86.ActiveCfg = Release|Any CPU
		{869D6510-4C5E-4840-B50D-9847B2B1AAE7}.Release|x86.Build.0 = Release|Any CPU
		{0C294240-346F-488C-96E3-6B84144828DB}.Debug|Any CPU.ActiveCfg = Debug|Any CPU
		{0C294240-346F-488C-96E3-6B84144828DB}.Debug|Any CPU.Build.0 = Debug|Any CPU
		{0C294240-346F-488C-96E3-6B84144828DB}.Debug|x64.ActiveCfg = Debug|Any CPU
		{0C294240-346F-488C-96E3-6B84144828DB}.Debug|x64.Build.0 = Debug|Any CPU
		{0C294240-346F-488C-96E3-6B84144828DB}.Debug|x86.ActiveCfg = Debug|Any CPU
		{0C294240-346F-488C-96E3-6B84144828DB}.Debug|x86.Build.0 = Debug|Any CPU
		{0C294240-346F-488C-96E3-6B84144828DB}.Release|Any CPU.ActiveCfg = Release|Any CPU
		{0C294240-346F-488C-96E3-6B84144828DB}.Release|Any CPU.Build.0 = Release|Any CPU
		{0C294240-346F-488C-96E3-6B84144828DB}.Release|x64.ActiveCfg = Release|Any CPU
		{0C294240-346F-488C-96E3-6B84144828DB}.Release|x64.Build.0 = Release|Any CPU
		{0C294240-346F-488C-96E3-6B84144828DB}.Release|x86.ActiveCfg = Release|Any CPU
		{0C294240-346F-488C-96E3-6B84144828DB}.Release|x86.Build.0 = Release|Any CPU
		{6BD0B996-C446-4040-A5A3-0052B5864ED6}.Debug|Any CPU.ActiveCfg = Debug|Any CPU
		{6BD0B996-C446-4040-A5A3-0052B5864ED6}.Debug|Any CPU.Build.0 = Debug|Any CPU
		{6BD0B996-C446-4040-A5A3-0052B5864ED6}.Debug|x64.ActiveCfg = Debug|Any CPU
		{6BD0B996-C446-4040-A5A3-0052B5864ED6}.Debug|x64.Build.0 = Debug|Any CPU
		{6BD0B996-C446-4040-A5A3-0052B5864ED6}.Debug|x86.ActiveCfg = Debug|Any CPU
		{6BD0B996-C446-4040-A5A3-0052B5864ED6}.Debug|x86.Build.0 = Debug|Any CPU
		{6BD0B996-C446-4040-A5A3-0052B5864ED6}.Release|Any CPU.ActiveCfg = Release|Any CPU
		{6BD0B996-C446-4040-A5A3-0052B5864ED6}.Release|Any CPU.Build.0 = Release|Any CPU
		{6BD0B996-C446-4040-A5A3-0052B5864ED6}.Release|x64.ActiveCfg = Release|Any CPU
		{6BD0B996-C446-4040-A5A3-0052B5864ED6}.Release|x64.Build.0 = Release|Any CPU
		{6BD0B996-C446-4040-A5A3-0052B5864ED6}.Release|x86.ActiveCfg = Release|Any CPU
		{6BD0B996-C446-4040-A5A3-0052B5864ED6}.Release|x86.Build.0 = Release|Any CPU
		{4E9C2A7B-1D3F-4B8E-A5C6-7D8E9F0A1B2C}.Debug|Any CPU.ActiveCfg = Debug|Any CPU
		{4E9C2A7B-1D3F-4B8E-A5C6-7D8E9F0A1B2C}.Debug|Any CPU.Build.0 = Debug|Any CPU
		{4E9C2A7B-1D3F-4B8E-A5C6-7D8E9F0A1B2C}.Debug|x64.ActiveCfg = Debug|Any CPU
		{4E9C2A7B-1D3F-4B8E-A5C6-7D8E9F0A1B2C}.Debug|x64.Build.0 = Debug|Any CPU
		{4E9C2A7B-1D3F-4B8E-A5C6-7D8E9F0A1B2C}.Debug|x86.ActiveCfg = Debug|Any CPU
		{4E9C2A7B-1D3F-4B8E-A5C6-7D8E9F0A1B2C}.Debug|x86.Build.0 = Debug|Any CPU
		{4E9C2A7B-1D3F-4B8E-A5C6-7D8E9F0A1B2C}.Release|Any CPU.ActiveCfg = Release|Any CPU
		{4E9C2A7B-1D3F-4B8E-A5C6-7D8E9F0A1B2C}.Release|Any CPU.Build.0 = Release|Any CPU
		{4E9C2A7B-1D3F-4B8E-A5C6-7D8E9F0A1B2C}.Release|x64.ActiveCfg = Release|Any CPU
		{4E9C2A7B-1D3F-4B8E-A5C6-7D8E9F0A1B2C}.Release|x64.Build.0 = Release|Any CPU
		{4E9C2A7B-1D3F-4B8E-A5C6-7D8E9F0A1B2C}.Release|x86.ActiveCfg = Release|Any CPU
		{4E9C2A7B-1D3F-4B8E-A5C6-7D8E9F0A1B2C}.Release|x86.Build.0 = Release|Any CPU
		{13D74529-E7F0-4520-BC27-818544CD788B}.Debug|Any CPU.ActiveCfg = Debug|Any CPU
		{13D74529-E7F0-4520-BC27-818544CD788B}.Debug|Any CPU.Build.0 = Debug|Any CPU
		{13D74529-E7F0-4520-BC27-818544CD788B}.Debug|x64.ActiveCfg = Debug|Any CPU
		{13D74529-E7F0-4520-BC27-818544CD788B}.Debug|x64.Build.0 = Debug|Any CPU
		{13D74529-E7F0-4520-BC27-818544CD788B}.Debug|x86.ActiveCfg = Debug|Any CPU
		{13D74529-E7F0-4520-BC27-818544CD788B}.Debug|x86.Build.0 = Debug|Any CPU
		{13D74529-E7F0-4520-BC27-818544CD788B}.Release|Any CPU.ActiveCfg = Release|Any CPU
		{13D74529-E7F0-4520-BC27-818544CD788B}.Release|Any CPU.Build.0 = Release|Any CPU
		{13D74529-E7F0-4520-BC27-818544CD788B}.Release|x64.ActiveCfg = Release|Any CPU
		{13D74529-E7F0-4520-BC27-818544CD788B}.Release|x64.Build.0 = Release|Any CPU
		{13D74529-E7F0-4520-BC27-818544CD788B}.Release|x86.ActiveCfg = Release|Any CPU
		{13D74529-E7F0-4520-BC27-818544CD788B}.Release|x86.Build.0 = Release|Any CPU
		{3110E57D-2F92-4EF9-A8B8-0BD31025C0D6}.Debug|Any CPU.ActiveCfg = Debug|Any CPU
		{3110E57D-2F92-4EF9-A8B8-0BD31025C0D6}.Debug|Any CPU.Build.0 = Debug|Any CPU
		{3110E57D-2F92-4EF9-A8B8-0BD31025C0D6}.Debug|x64.ActiveCfg = Debug|Any CPU
		{3110E57D-2F92-4EF9-A8B8-0BD31025C0D6}.Debug|x64.Build.0 = Debug|Any CPU
		{3110E57D-2F92-4EF9-A8B8-0BD31025C0D6}.Debug|x86.ActiveCfg = Debug|Any CPU
		{3110E57D-2F92-4EF9-A8B8-0BD31025C0D6}.Debug|x86.Build.0 = Debug|Any CPU
		{3110E57D-2F92-4EF9-A8B8-0BD31025C0D6}.Release|Any CPU.ActiveCfg = Release|Any CPU
		{3110E57D-2F92-4EF9-A8B8-0BD31025C0D6}.Release|Any CPU.Build.0 = Release|Any CPU
		{3110E57D-2F92-4EF9-A8B8-0BD31025C0D6}.Release|x64.ActiveCfg = Release|Any CPU
		{3110E57D-2F92-4EF9-A8B8-0BD31025C0D6}.Release|x64.Build.0 = Release|Any CPU
		{3110E57D-2F92-4EF9-A8B8-0BD31025C0D6}.Release|x86.ActiveCfg = Release|Any CPU
		{3110E57D-2F92-4EF9-A8B8-0BD31025C0D6}.Release|x86.Build.0 = Release|Any CPU
		{1D196AB0-036F-4DB8-BCDB-1AD232D81966}.Debug|Any CPU.ActiveCfg = Debug|Any CPU
		{1D196AB0-036F-4DB8-BCDB-1AD232D81966}.Debug|Any CPU.Build.0 = Debug|Any CPU
		{1D196AB0-036F-4DB8-BCDB-1AD232D81966}.Debug|x64.ActiveCfg = Debug|Any CPU
		{1D196AB0-036F-4DB8-BCDB-1AD232D81966}.Debug|x64.Build.0 = Debug|Any CPU
		{1D196AB0-036F-4DB8-BCDB-1AD232D81966}.Debug|x86.ActiveCfg = Debug|Any CPU
		{1D196AB0-036F-4DB8-BCDB-1AD232D81966}.Debug|x86.Build.0 = Debug|Any CPU
		{1D196AB0-036F-4DB8-BCDB-1AD232D81966}.Release|Any CPU.ActiveCfg = Release|Any CPU
		{1D196AB0-036F-4DB8-BCDB-1AD232D81966}.Release|Any CPU.Build.0 = Release|Any CPU
		{1D196AB0-036F-4DB8-BCDB-1AD232D81966}.Release|x64.ActiveCfg = Release|Any CPU
		{1D196AB0-036F-4DB8-BCDB-1AD232D81966}.Release|x64.Build.0 = Release|Any CPU
		{1D196AB0-036F-4DB8-BCDB-1AD232D81966}.Release|x86.ActiveCfg = Release|Any CPU
		{1D196AB0-036F-4DB8-BCDB-1AD232D81966}.Release|x86.Build.0 = Release|Any CPU
		{F52EDA76-67AE-447E-B84C-854EDBB3A146}.Debug|Any CPU.ActiveCfg = Debug|Any CPU
		{F52EDA76-67AE-447E-B84C-854EDBB3A146}.Debug|Any CPU.Build.0 = Debug|Any CPU
		{F52EDA76-67AE-447E-B84C-854EDBB3A146}.Debug|x64.ActiveCfg = Debug|Any CPU
		{F52EDA76-67AE-447E-B84C-854EDBB3A146}.Debug|x64.Build.0 = Debug|Any CPU
		{F52EDA76-67AE-447E-B84C-854EDBB3A146}.Debug|x86.ActiveCfg = Debug|Any CPU
		{F52EDA76-67AE-447E-B84C-854EDBB3A146}.Debug|x86.Build.0 = Debug|Any CPU
		{F52EDA76-67AE-447E-B84C-854EDBB3A146}.Release|Any CPU.ActiveCfg = Release|Any CPU
		{F52EDA76-67AE-447E-B84C-854EDBB3A146}.Release|Any CPU.Build.0 = Release|Any CPU
		{F52EDA76-67AE-447E-B84C-854EDBB3A146}.Release|x64.ActiveCfg = Release|Any CPU
		{F52EDA76-67AE-447E-B84C-854EDBB3A146}.Release|x64.Build.0 = Release|Any CPU
		{F52EDA76-67AE-447E-B84C-854EDBB3A146}.Release|x86.ActiveCfg = Release|Any CPU
		{F52EDA76-67AE-447E-B84C-854EDBB3A146}.Release|x86.Build.0 = Release|Any CPU
		{4D195EEA-AC60-48B6-913D-BEE1D35A6E51}.Debug|Any CPU.ActiveCfg = Debug|Any CPU
		{4D195EEA-AC60-48B6-913D-BEE1D35A6E51}.Debug|Any CPU.Build.0 = Debug|Any CPU
		{4D195EEA-AC60-48B6-913D-BEE1D35A6E51}.Debug|x64.ActiveCfg = Debug|Any CPU
		{4D195EEA-AC60-48B6-913D-BEE1D35A6E51}.Debug|x64.Build.0 = Debug|Any CPU
		{4D195EEA-AC60-48B6-913D-BEE1D35A6E51}.Debug|x86.ActiveCfg = Debug|Any CPU
		{4D195EEA-AC60-48B6-913D-BEE1D35A6E51}.Debug|x86.Build.0 = Debug|Any CPU
		{4D195EEA-AC60-48B6-913D-BEE1D35A6E51}.Release|Any CPU.ActiveCfg = Release|Any CPU
		{4D195EEA-AC60-48B6-913D-BEE1D35A6E51}.Release|Any CPU.Build.0 = Release|Any CPU
		{4D195EEA-AC60-48B6-913D-BEE1D35A6E51}.Release|x64.ActiveCfg = Release|Any CPU
		{4D195EEA-AC60-48B6-913D-BEE1D35A6E51}.Release|x64.Build.0 = Release|Any CPU
		{4D195EEA-AC60-48B6-913D-BEE1D35A6E51}.Release|x86.ActiveCfg = Release|Any CPU
		{4D195EEA-AC60-48B6-913D-BEE1D35A6E51}.Release|x86.Build.0 = Release|Any CPU
		{AAB642BF-FD1C-480B-A767-A1311FEDCE81}.Debug|Any CPU.ActiveCfg = Debug|Any CPU
		{AAB642BF-FD1C-480B-A767-A1311FEDCE81}.Debug|Any CPU.Build.0 = Debug|Any CPU
		{AAB642BF-FD1C-480B-A767-A1311FEDCE81}.Debug|x64.ActiveCfg = Debug|Any CPU
		{AAB642BF-FD1C-480B-A767-A1311FEDCE81}.Debug|x64.Build.0 = Debug|Any CPU
		{AAB642BF-FD1C-480B-A767-A1311FEDCE81}.Debug|x86.ActiveCfg = Debug|Any CPU
		{AAB642BF-FD1C-480B-A767-A1311FEDCE81}.Debug|x86.Build.0 = Debug|Any CPU
		{AAB642BF-FD1C-480B-A767-A1311FEDCE81}.Release|Any CPU.ActiveCfg = Release|Any CPU
		{AAB642BF-FD1C-480B-A767-A1311FEDCE81}.Release|Any CPU.Build.0 = Release|Any CPU
		{AAB642BF-FD1C-480B-A767-A1311FEDCE81}.Release|x64.ActiveCfg = Release|Any CPU
		{AAB642BF-FD1C-480B-A767-A1311FEDCE81}.Release|x64.Build.0 = Release|Any CPU
		{AAB642BF-FD1C-480B-A767-A1311FEDCE81}.Release|x86.ActiveCfg = Release|Any CPU
		{AAB642BF-FD1C-480B-A767-A1311FEDCE81}.Release|x86.Build.0 = Release|Any CPU
		{9E9B7555-EAE9-490E-84D7-7CFFE22323E2}.Debug|Any CPU.ActiveCfg = Debug|Any CPU
		{9E9B7555-EAE9-490E-84D7-7CFFE22323E2}.Debug|Any CPU.Build.0 = Debug|Any CPU
		{9E9B7555-EAE9-490E-84D7-7CFFE22323E2}.Debug|x64.ActiveCfg = Debug|Any CPU
		{9E9B7555-EAE9-490E-84D7-7CFFE22323E2}.Debug|x64.Build.0 = Debug|Any CPU
		{9E9B7555-EAE9-490E-84D7-7CFFE22323E2}.Debug|x86.ActiveCfg = Debug|Any CPU
		{9E9B7555-EAE9-490E-84D7-7CFFE22323E2}.Debug|x86.Build.0 = Debug|Any CPU
		{9E9B7555-EAE9-490E-84D7-7CFFE22323E2}.Release|Any CPU.ActiveCfg = Release|Any CPU
		{9E9B7555-EAE9-490E-84D7-7CFFE22323E2}.Release|Any CPU.Build.0 = Release|Any CPU
		{9E9B7555-EAE9-490E-84D7-7CFFE22323E2}.Release|x64.ActiveCfg = Release|Any CPU
		{9E9B7555-EAE9-490E-84D7-7CFFE22323E2}.Release|x64.Build.0 = Release|Any CPU
		{9E9B7555-EAE9-490E-84D7-7CFFE22323E2}.Release|x86.ActiveCfg = Release|Any CPU
		{9E9B7555-EAE9-490E-84D7-7CFFE22323E2}.Release|x86.Build.0 = Release|Any CPU
		{DF64BC4D-3BAD-4C4E-8BAF-F2CEDA4E0782}.Debug|Any CPU.ActiveCfg = Debug|Any CPU
		{DF64BC4D-3BAD-4C4E-8BAF-F2CEDA4E0782}.Debug|Any CPU.Build.0 = Debug|Any CPU
		{DF64BC4D-3BAD-4C4E-8BAF-F2CEDA4E0782}.Debug|x64.ActiveCfg = Debug|Any CPU
		{DF64BC4D-3BAD-4C4E-8BAF-F2CEDA4E0782}.Debug|x64.Build.0 = Debug|Any CPU
		{DF64BC4D-3BAD-4C4E-8BAF-F2CEDA4E0782}.Debug|x86.ActiveCfg = Debug|Any CPU
		{DF64BC4D-3BAD-4C4E-8BAF-F2CEDA4E0782}.Debug|x86.Build.0 = Debug|Any CPU
		{DF64BC4D-3BAD-4C4E-8BAF-F2CEDA4E0782}.Release|Any CPU.ActiveCfg = Release|Any CPU
		{DF64BC4D-3BAD-4C4E-8BAF-F2CEDA4E0782}.Release|Any CPU.Build.0 = Release|Any CPU
		{DF64BC4D-3BAD-4C4E-8BAF-F2CEDA4E0782}.Release|x64.ActiveCfg = Release|Any CPU
		{DF64BC4D-3BAD-4C4E-8BAF-F2CEDA4E0782}.Release|x64.Build.0 = Release|Any CPU
		{DF64BC4D-3BAD-4C4E-8BAF-F2CEDA4E0782}.Release|x86.ActiveCfg = Release|Any CPU
		{DF64BC4D-3BAD-4C4E-8BAF-F2CEDA4E0782}.Release|x86.Build.0 = Release|Any CPU
		{421C0240-90EB-4CF9-9BE4-FA0957DE4276}.Debug|Any CPU.ActiveCfg = Debug|Any CPU
		{421C0240-90EB-4CF9-9BE4-FA0957DE4276}.Debug|Any CPU.Build.0 = Debug|Any CPU
		{421C0240-90EB-4CF9-9BE4-FA0957DE4276}.Debug|x64.ActiveCfg = Debug|Any CPU
		{421C0240-90EB-4CF9-9BE4-FA0957DE4276}.Debug|x64.Build.0 = Debug|Any CPU
		{421C0240-90EB-4CF9-9BE4-FA0957DE4276}.Debug|x86.ActiveCfg = Debug|Any CPU
		{421C0240-90EB-4CF9-9BE4-FA0957DE4276}.Debug|x86.Build.0 = Debug|Any CPU
		{421C0240-90EB-4CF9-9BE4-FA0957DE4276}.Release|Any CPU.ActiveCfg = Release|Any CPU
		{421C0240-90EB-4CF9-9BE4-FA0957DE4276}.Release|Any CPU.Build.0 = Release|Any CPU
		{421C0240-90EB-4CF9-9BE4-FA0957DE4276}.Release|x64.ActiveCfg = Release|Any CPU
		{421C0240-90EB-4CF9-9BE4-FA0957DE4276}.Release|x64.Build.0 = Release|Any CPU
		{421C0240-90EB-4CF9-9BE4-FA0957DE4276}.Release|x86.ActiveCfg = Release|Any CPU
		{421C0240-90EB-4CF9-9BE4-FA0957DE4276}.Release|x86.Build.0 = Release|Any CPU
		{5E80A16A-2DFE-44F7-BAD8-CA10CAFC5FB9}.Debug|Any CPU.ActiveCfg = Debug|Any CPU
		{5E80A16A-2DFE-44F7-BAD8-CA10CAFC5FB9}.Debug|Any CPU.Build.0 = Debug|Any CPU
		{5E80A16A-2DFE-44F7-BAD8-CA10CAFC5FB9}.Debug|x64.ActiveCfg = Debug|Any CPU
		{5E80A16A-2DFE-44F7-BAD8-CA10CAFC5FB9}.Debug|x64.Build.0 = Debug|Any CPU
		{5E80A16A-2DFE-44F7-BAD8-CA10CAFC5FB9}.Debug|x86.ActiveCfg = Debug|Any CPU
		{5E80A16A-2DFE-44F7-BAD8-CA10CAFC5FB9}.Debug|x86.Build.0 = Debug|Any CPU
		{5E80A16A-2DFE-44F7-BAD8-CA10CAFC5FB9}.Release|Any CPU.ActiveCfg = Release|Any CPU
		{5E80A16A-2DFE-44F7-BAD8-CA10CAFC5FB9}.Release|Any CPU.Build.0 = Release|Any CPU
		{5E80A16A-2DFE-44F7-BAD8-CA10CAFC5FB9}.Release|x64.ActiveCfg = Release|Any CPU
		{5E80A16A-2DFE-44F7-BAD8-CA10CAFC5FB9}.Release|x64.Build.0 = Release|Any CPU
		{5E80A16A-2DFE-44F7-BAD8-CA10CAFC5FB9}.Release|x86.ActiveCfg = Release|Any CPU
		{5E80A16A-2DFE-44F7-BAD8-CA10CAFC5FB9}.Release|x86.Build.0 = Release|Any CPU
		{863F9188-7D19-4E8A-AECB-91DBB844A712}.Debug|Any CPU.ActiveCfg = Debug|Any CPU
		{863F9188-7D19-4E8A-AECB-91DBB844A712}.Debug|Any CPU.Build.0 = Debug|Any CPU
		{863F9188-7D19-4E8A-AECB-91DBB844A712}.Debug|x64.ActiveCfg = Debug|Any CPU
		{863F9188-7D19-4E8A-AECB-91DBB844A712}.Debug|x64.Build.0 = Debug|Any CPU
		{863F9188-7D19-4E8A-AECB-91DBB844A712}.Debug|x86.ActiveCfg = Debug|Any CPU
		{863F9188-7D19-4E8A-AECB-91DBB844A712}.Debug|x86.Build.0 = Debug|Any CPU
		{863F9188-7D19-4E8A-AECB-91DBB844A712}.Release|Any CPU.ActiveCfg = Release|Any CPU
		{863F9188-7D19-4E8A-AECB-91DBB844A712}.Release|Any CPU.Build.0 = Release|Any CPU
		{863F9188-7D19-4E8A-AECB-91DBB844A712}.Release|x64.ActiveCfg = Release|Any CPU
		{863F9188-7D19-4E8A-AECB-91DBB844A712}.Release|x64.Build.0 = Release|Any CPU
		{863F9188-7D19-4E8A-AECB-91DBB844A712}.Release|x86.ActiveCfg = Release|Any CPU
		{863F9188-7D19-4E8A-AECB-91DBB844A712}.Release|x86.Build.0 = Release|Any CPU
		{B3F27179-AF7F-4395-ABB4-3FED7533225A}.Debug|Any CPU.ActiveCfg = Debug|Any CPU
		{B3F27179-AF7F-4395-ABB4-3FED7533225A}.Debug|Any CPU.Build.0 = Debug|Any CPU
		{B3F27179-AF7F-4395-ABB4-3FED7533225A}.Debug|x64.ActiveCfg = Debug|Any CPU
		{B3F27179-AF7F-4395-ABB4-3FED7533225A}.Debug|x64.Build.0 = Debug|Any CPU
		{B3F27179-AF7F-4395-ABB4-3FED7533225A}.Debug|x86.ActiveCfg = Debug|Any CPU
		{B3F27179-AF7F-4395-ABB4-3FED7533225A}.Debug|x86.Build.0 = Debug|Any CPU
		{B3F27179-AF7F-4395-ABB4-3FED7533225A}.Release|Any CPU.ActiveCfg = Release|Any CPU
		{B3F27179-AF7F-4395-ABB4-3FED7533225A}.Release|Any CPU.Build.0 = Release|Any CPU
		{B3F27179-AF7F-4395-ABB4-3FED7533225A}.Release|x64.ActiveCfg = Release|Any CPU
		{B3F27179-AF7F-4395-ABB4-3FED7533225A}.Release|x64.Build.0 = Release|Any CPU
		{B3F27179-AF7F-4395-ABB4-3FED7533225A}.Release|x86.ActiveCfg = Release|Any CPU
		{B3F27179-AF7F-4395-ABB4-3FED7533225A}.Release|x86.Build.0 = Release|Any CPU
		{ECA9367B-D3FE-4A13-ABF0-F451C331A885}.Debug|Any CPU.ActiveCfg = Debug|Any CPU
		{ECA9367B-D3FE-4A13-ABF0-F451C331A885}.Debug|Any CPU.Build.0 = Debug|Any CPU
		{ECA9367B-D3FE-4A13-ABF0-F451C331A885}.Debug|x64.ActiveCfg = Debug|Any CPU
		{ECA9367B-D3FE-4A13-ABF0-F451C331A885}.Debug|x64.Build.0 = Debug|Any CPU
		{ECA9367B-D3FE-4A13-ABF0-F451C331A885}.Debug|x86.ActiveCfg = Debug|Any CPU
		{ECA9367B-D3FE-4A13-ABF0-F451C331A885}.Debug|x86.Build.0 = Debug|Any CPU
		{ECA9367B-D3FE-4A13-ABF0-F451C331A885}.Release|Any CPU.ActiveCfg = Release|Any CPU
		{ECA9367B-D3FE-4A13-ABF0-F451C331A885}.Release|Any CPU.Build.0 = Release|Any CPU
		{ECA9367B-D3FE-4A13-ABF0-F451C331A885}.Release|x64.ActiveCfg = Release|Any CPU
		{ECA9367B-D3FE-4A13-ABF0-F451C331A885}.Release|x64.Build.0 = Release|Any CPU
		{ECA9367B-D3FE-4A13-ABF0-F451C331A885}.Release|x86.ActiveCfg = Release|Any CPU
		{ECA9367B-D3FE-4A13-ABF0-F451C331A885}.Release|x86.Build.0 = Release|Any CPU
		{1D769E33-7AF6-4B4C-8E93-2F66459EE8CF}.Debug|Any CPU.ActiveCfg = Debug|Any CPU
		{1D769E33-7AF6-4B4C-8E93-2F66459EE8CF}.Debug|Any CPU.Build.0 = Debug|Any CPU
		{1D769E33-7AF6-4B4C-8E93-2F66459EE8CF}.Debug|x64.ActiveCfg = Debug|Any CPU
		{1D769E33-7AF6-4B4C-8E93-2F66459EE8CF}.Debug|x64.Build.0 = Debug|Any CPU
		{1D769E33-7AF6-4B4C-8E93-2F66459EE8CF}.Debug|x86.ActiveCfg = Debug|Any CPU
		{1D769E33-7AF6-4B4C-8E93-2F66459EE8CF}.Debug|x86.Build.0 = Debug|Any CPU
		{1D769E33-7AF6-4B4C-8E93-2F66459EE8CF}.Release|Any CPU.ActiveCfg = Release|Any CPU
		{1D769E33-7AF6-4B4C-8E93-2F66459EE8CF}.Release|Any CPU.Build.0 = Release|Any CPU
		{1D769E33-7AF6-4B4C-8E93-2F66459EE8CF}.Release|x64.ActiveCfg = Release|Any CPU
		{1D769E33-7AF6-4B4C-8E93-2F66459EE8CF}.Release|x64.Build.0 = Release|Any CPU
		{1D769E33-7AF6-4B4C-8E93-2F66459EE8CF}.Release|x86.ActiveCfg = Release|Any CPU
		{1D769E33-7AF6-4B4C-8E93-2F66459EE8CF}.Release|x86.Build.0 = Release|Any CPU
		{409AE0A4-297D-47EB-A821-9FD9449A3CC5}.Debug|Any CPU.ActiveCfg = Debug|Any CPU
		{409AE0A4-297D-47EB-A821-9FD9449A3CC5}.Debug|Any CPU.Build.0 = Debug|Any CPU
		{409AE0A4-297D-47EB-A821-9FD9449A3CC5}.Debug|x64.ActiveCfg = Debug|Any CPU
		{409AE0A4-297D-47EB-A821-9FD9449A3CC5}.Debug|x64.Build.0 = Debug|Any CPU
		{409AE0A4-297D-47EB-A821-9FD9449A3CC5}.Debug|x86.ActiveCfg = Debug|Any CPU
		{409AE0A4-297D-47EB-A821-9FD9449A3CC5}.Debug|x86.Build.0 = Debug|Any CPU
		{409AE0A4-297D-47EB-A821-9FD9449A3CC5}.Release|Any CPU.ActiveCfg = Release|Any CPU
		{409AE0A4-297D-47EB-A821-9FD9449A3CC5}.Release|Any CPU.Build.0 = Release|Any CPU
		{409AE0A4-297D-47EB-A821-9FD9449A3CC5}.Release|x64.ActiveCfg = Release|Any CPU
		{409AE0A4-297D-47EB-A821-9FD9449A3CC5}.Release|x64.Build.0 = Release|Any CPU
		{409AE0A4-297D-47EB-A821-9FD9449A3CC5}.Release|x86.ActiveCfg = Release|Any CPU
		{409AE0A4-297D-47EB-A821-9FD9449A3CC5}.Release|x86.Build.0 = Release|Any CPU
		{A38398BD-C154-43AF-97E9-80D9641F6B52}.Debug|Any CPU.ActiveCfg = Debug|Any CPU
		{A38398BD-C154-43AF-97E9-80D9641F6B52}.Debug|Any CPU.Build.0 = Debug|Any CPU
		{A38398BD-C154-43AF-97E9-80D9641F6B52}.Debug|x64.ActiveCfg = Debug|Any CPU
		{A38398BD-C154-43AF-97E9-80D9641F6B52}.Debug|x64.Build.0 = Debug|Any CPU
		{A38398BD-C154-43AF-97E9-80D9641F6B52}.Debug|x86.ActiveCfg = Debug|Any CPU
		{A38398BD-C154-43AF-97E9-80D9641F6B52}.Debug|x86.Build.0 = Debug|Any CPU
		{A38398BD-C154-43AF-97E9-80D9641F6B52}.Release|Any CPU.ActiveCfg = Release|Any CPU
		{A38398BD-C154-43AF-97E9-80D9641F6B52}.Release|Any CPU.Build.0 = Release|Any CPU
		{A38398BD-C154-43AF-97E9-80D9641F6B52}.Release|x64.ActiveCfg = Release|Any CPU
		{A38398BD-C154-43AF-97E9-80D9641F6B52}.Release|x64.Build.0 = Release|Any CPU
		{A38398BD-C154-43AF-97E9-80D9641F6B52}.Release|x86.ActiveCfg = Release|Any CPU
		{A38398BD-C154-43AF-97E9-80D9641F6B52}.Release|x86.Build.0 = Release|Any CPU
		{E4CD7EF3-7F44-4BCB-8D65-ABF3505BF96F}.Debug|Any CPU.ActiveCfg = Debug|Any CPU
		{E4CD7EF3-7F44-4BCB-8D65-ABF3505BF96F}.Debug|Any CPU.Build.0 = Debug|Any CPU
		{E4CD7EF3-7F44-4BCB-8D65-ABF3505BF96F}.Debug|x64.ActiveCfg = Debug|Any CPU
		{E4CD7EF3-7F44-4BCB-8D65-ABF3505BF96F}.Debug|x64.Build.0 = Debug|Any CPU
		{E4CD7EF3-7F44-4BCB-8D65-ABF3505BF96F}.Debug|x86.ActiveCfg = Debug|Any CPU
		{E4CD7EF3-7F44-4BCB-8D65-ABF3505BF96F}.Debug|x86.Build.0 = Debug|Any CPU
		{E4CD7EF3-7F44-4BCB-8D65-ABF3505BF96F}.Release|Any CPU.ActiveCfg = Release|Any CPU
		{E4CD7EF3-7F44-4BCB-8D65-ABF3505BF96F}.Release|Any CPU.Build.0 = Release|Any CPU
		{E4CD7EF3-7F44-4BCB-8D65-ABF3505BF96F}.Release|x64.ActiveCfg = Release|Any CPU
		{E4CD7EF3-7F44-4BCB-8D65-ABF3505BF96F}.Release|x64.Build.0 = Release|Any CPU
		{E4CD7EF3-7F44-4BCB-8D65-ABF3505BF96F}.Release|x86.ActiveCfg = Release|Any CPU
		{E4CD7EF3-7F44-4BCB-8D65-ABF3505BF96F}.Release|x86.Build.0 = Release|Any CPU
		{BB8CC93D-4B9E-4267-9CEE-697C1B176E39}.Debug|Any CPU.ActiveCfg = Debug|Any CPU
		{BB8CC93D-4B9E-4267-9CEE-697C1B176E39}.Debug|Any CPU.Build.0 = Debug|Any CPU
		{BB8CC93D-4B9E-4267-9CEE-697C1B176E39}.Debug|x64.ActiveCfg = Debug|Any CPU
		{BB8CC93D-4B9E-4267-9CEE-697C1B176E39}.Debug|x64.Build.0 = Debug|Any CPU
		{BB8CC93D-4B9E-4267-9CEE-697C1B176E39}.Debug|x86.ActiveCfg = Debug|Any CPU
		{BB8CC93D-4B9E-4267-9CEE-697C1B176E39}.Debug|x86.Build.0 = Debug|Any CPU
		{BB8CC93D-4B9E-4267-9CEE-697C1B176E39}.Release|Any CPU.ActiveCfg = Release|Any CPU
		{BB8CC93D-4B9E-4267-9CEE-697C1B176E39}.Release|Any CPU.Build.0 = Release|Any CPU
		{BB8CC93D-4B9E-4267-9CEE-697C1B176E39}.Release|x64.ActiveCfg = Release|Any CPU
		{BB8CC93D-4B9E-4267-9CEE-697C1B176E39}.Release|x64.Build.0 = Release|Any CPU
		{BB8CC93D-4B9E-4267-9CEE-697C1B176E39}.Release|x86.ActiveCfg = Release|Any CPU
		{BB8CC93D-4B9E-4267-9CEE-697C1B176E39}.Release|x86.Build.0 = Release|Any CPU
		{22D12880-4BD2-4AC0-9927-A4DC01455678}.Debug|Any CPU.ActiveCfg = Debug|Any CPU
		{22D12880-4BD2-4AC0-9927-A4DC01455678}.Debug|Any CPU.Build.0 = Debug|Any CPU
		{22D12880-4BD2-4AC0-9927-A4DC01455678}.Debug|x64.ActiveCfg = Debug|Any CPU
		{22D12880-4BD2-4AC0-9927-A4DC01455678}.Debug|x64.Build.0 = Debug|Any CPU
		{22D12880-4BD2-4AC0-9927-A4DC01455678}.Debug|x86.ActiveCfg = Debug|Any CPU
		{22D12880-4BD2-4AC0-9927-A4DC01455678}.Debug|x86.Build.0 = Debug|Any CPU
		{22D12880-4BD2-4AC0-9927-A4DC01455678}.Release|Any CPU.ActiveCfg = Release|Any CPU
		{22D12880-4BD2-4AC0-9927-A4DC01455678}.Release|Any CPU.Build.0 = Release|Any CPU
		{22D12880-4BD2-4AC0-9927-A4DC01455678}.Release|x64.ActiveCfg = Release|Any CPU
		{22D12880-4BD2-4AC0-9927-A4DC01455678}.Release|x64.Build.0 = Release|Any CPU
		{22D12880-4BD2-4AC0-9927-A4DC01455678}.Release|x86.ActiveCfg = Release|Any CPU
		{22D12880-4BD2-4AC0-9927-A4DC01455678}.Release|x86.Build.0 = Release|Any CPU
		{377BE963-83D9-4EE0-9DF0-D33C57979829}.Debug|Any CPU.ActiveCfg = Debug|Any CPU
		{377BE963-83D9-4EE0-9DF0-D33C57979829}.Debug|Any CPU.Build.0 = Debug|Any CPU
		{377BE963-83D9-4EE0-9DF0-D33C57979829}.Debug|x64.ActiveCfg = Debug|Any CPU
		{377BE963-83D9-4EE0-9DF0-D33C57979829}.Debug|x64.Build.0 = Debug|Any CPU
		{377BE963-83D9-4EE0-9DF0-D33C57979829}.Debug|x86.ActiveCfg = Debug|Any CPU
		{377BE963-83D9-4EE0-9DF0-D33C57979829}.Debug|x86.Build.0 = Debug|Any CPU
		{377BE963-83D9-4EE0-9DF0-D33C57979829}.Release|Any CPU.ActiveCfg = Release|Any CPU
		{377BE963-83D9-4EE0-9DF0-D33C57979829}.Release|Any CPU.Build.0 = Release|Any CPU
		{377BE963-83D9-4EE0-9DF0-D33C57979829}.Release|x64.ActiveCfg = Release|Any CPU
		{377BE963-83D9-4EE0-9DF0-D33C57979829}.Release|x64.Build.0 = Release|Any CPU
		{377BE963-83D9-4EE0-9DF0-D33C57979829}.Release|x86.ActiveCfg = Release|Any CPU
		{377BE963-83D9-4EE0-9DF0-D33C57979829}.Release|x86.Build.0 = Release|Any CPU
		{0CF99684-818C-4EA0-9C33-2AF857F171E8}.Debug|Any CPU.ActiveCfg = Debug|Any CPU
		{0CF99684-818C-4EA0-9C33-2AF857F171E8}.Debug|Any CPU.Build.0 = Debug|Any CPU
		{0CF99684-818C-4EA0-9C33-2AF857F171E8}.Debug|x64.ActiveCfg = Debug|Any CPU
		{0CF99684-818C-4EA0-9C33-2AF857F171E8}.Debug|x64.Build.0 = Debug|Any CPU
		{0CF99684-818C-4EA0-9C33-2AF857F171E8}.Debug|x86.ActiveCfg = Debug|Any CPU
		{0CF99684-818C-4EA0-9C33-2AF857F171E8}.Debug|x86.Build.0 = Debug|Any CPU
		{0CF99684-818C-4EA0-9C33-2AF857F171E8}.Release|Any CPU.ActiveCfg = Release|Any CPU
		{0CF99684-818C-4EA0-9C33-2AF857F171E8}.Release|Any CPU.Build.0 = Release|Any CPU
		{0CF99684-818C-4EA0-9C33-2AF857F171E8}.Release|x64.ActiveCfg = Release|Any CPU
		{0CF99684-818C-4EA0-9C33-2AF857F171E8}.Release|x64.Build.0 = Release|Any CPU
		{0CF99684-818C-4EA0-9C33-2AF857F171E8}.Release|x86.ActiveCfg = Release|Any CPU
		{0CF99684-818C-4EA0-9C33-2AF857F171E8}.Release|x86.Build.0 = Release|Any CPU
		{FB37CA6E-98AA-4F42-801C-AB9F100786E3}.Debug|Any CPU.ActiveCfg = Debug|Any CPU
		{FB37CA6E-98AA-4F42-801C-AB9F100786E3}.Debug|Any CPU.Build.0 = Debug|Any CPU
		{FB37CA6E-98AA-4F42-801C-AB9F100786E3}.Debug|x64.ActiveCfg = Debug|Any CPU
		{FB37CA6E-98AA-4F42-801C-AB9F100786E3}.Debug|x64.Build.0 = Debug|Any CPU
		{FB37CA6E-98AA-4F42-801C-AB9F100786E3}.Debug|x86.ActiveCfg = Debug|Any CPU
		{FB37CA6E-98AA-4F42-801C-AB9F100786E3}.Debug|x86.Build.0 = Debug|Any CPU
		{FB37CA6E-98AA-4F42-801C-AB9F100786E3}.Release|Any CPU.ActiveCfg = Release|Any CPU
		{FB37CA6E-98AA-4F42-801C-AB9F100786E3}.Release|Any CPU.Build.0 = Release|Any CPU
		{FB37CA6E-98AA-4F42-801C-AB9F100786E3}.Release|x64.ActiveCfg = Release|Any CPU
		{FB37CA6E-98AA-4F42-801C-AB9F100786E3}.Release|x64.Build.0 = Release|Any CPU
		{FB37CA6E-98AA-4F42-801C-AB9F100786E3}.Release|x86.ActiveCfg = Release|Any CPU
		{FB37CA6E-98AA-4F42-801C-AB9F100786E3}.Release|x86.Build.0 = Release|Any CPU
		{4447E6C4-65C5-4628-BE02-13DE2A81AC8F}.Debug|Any CPU.ActiveCfg = Debug|Any CPU
		{4447E6C4-65C5-4628-BE02-13DE2A81AC8F}.Debug|Any CPU.Build.0 = Debug|Any CPU
		{4447E6C4-65C5-4628-BE02-13DE2A81AC8F}.Debug|x64.ActiveCfg = Debug|Any CPU
		{4447E6C4-65C5-4628-BE02-13DE2A81AC8F}.Debug|x64.Build.0 = Debug|Any CPU
		{4447E6C4-65C5-4628-BE02-13DE2A81AC8F}.Debug|x86.ActiveCfg = Debug|Any CPU
		{4447E6C4-65C5-4628-BE02-13DE2A81AC8F}.Debug|x86.Build.0 = Debug|Any CPU
		{4447E6C4-65C5-4628-BE02-13DE2A81AC8F}.Release|Any CPU.ActiveCfg = Release|Any CPU
		{4447E6C4-65C5-4628-BE02-13DE2A81AC8F}.Release|Any CPU.Build.0 = Release|Any CPU
		{4447E6C4-65C5-4628-BE02-13DE2A81AC8F}.Release|x64.ActiveCfg = Release|Any CPU
		{4447E6C4-65C5-4628-BE02-13DE2A81AC8F}.Release|x64.Build.0 = Release|Any CPU
		{4447E6C4-65C5-4628-BE02-13DE2A81AC8F}.Release|x86.ActiveCfg = Release|Any CPU
		{4447E6C4-65C5-4628-BE02-13DE2A81AC8F}.Release|x86.Build.0 = Release|Any CPU
		{8137E2F3-0F36-4CFD-B776-2F52C510D875}.Debug|Any CPU.ActiveCfg = Debug|Any CPU
		{8137E2F3-0F36-4CFD-B776-2F52C510D875}.Debug|Any CPU.Build.0 = Debug|Any CPU
		{8137E2F3-0F36-4CFD-B776-2F52C510D875}.Debug|x64.ActiveCfg = Debug|Any CPU
		{8137E2F3-0F36-4CFD-B776-2F52C510D875}.Debug|x64.Build.0 = Debug|Any CPU
		{8137E2F3-0F36-4CFD-B776-2F52C510D875}.Debug|x86.ActiveCfg = Debug|Any CPU
		{8137E2F3-0F36-4CFD-B776-2F52C510D875}.Debug|x86.Build.0 = Debug|Any CPU
		{8137E2F3-0F36-4CFD-B776-2F52C510D875}.Release|Any CPU.ActiveCfg = Release|Any CPU
		{8137E2F3-0F36-4CFD-B776-2F52C510D875}.Release|Any CPU.Build.0 = Release|Any CPU
		{8137E2F3-0F36-4CFD-B776-2F52C510D875}.Release|x64.ActiveCfg = Release|Any CPU
		{8137E2F3-0F36-4CFD-B776-2F52C510D875}.Release|x64.Build.0 = Release|Any CPU
		{8137E2F3-0F36-4CFD-B776-2F52C510D875}.Release|x86.ActiveCfg = Release|Any CPU
		{8137E2F3-0F36-4CFD-B776-2F52C510D875}.Release|x86.Build.0 = Release|Any CPU
		{7D4C2B91-5E3A-4F8B-9C1D-2E6F8A0B3C41}.Debug|Any CPU.ActiveCfg = Debug|Any CPU
		{7D4C2B91-5E3A-4F8B-9C1D-2E6F8A0B3C41}.Debug|Any CPU.Build.0 = Debug|Any CPU
		{7D4C2B91-5E3A-4F8B-9C1D-2E6F8A0B3C41}.Debug|x64.ActiveCfg = Debug|Any CPU
		{7D4C2B91-5E3A-4F8B-9C1D-2E6F8A0B3C41}.Debug|x64.Build.0 = Debug|Any CPU
		{7D4C2B91-5E3A-4F8B-9C1D-2E6F8A0B3C41}.Debug|x86.ActiveCfg = Debug|Any CPU
		{7D4C2B91-5E3A-4F8B-9C1D-2E6F8A0B3C41}.Debug|x86.Build.0 = Debug|Any CPU
		{7D4C2B91-5E3A-4F8B-9C1D-2E6F8A0B3C41}.Release|Any CPU.ActiveCfg = Release|Any CPU
		{7D4C2B91-5E3A-4F8B-9C1D-2E6F8A0B3C41}.Release|Any CPU.Build.0 = Release|Any CPU
		{7D4C2B91-5E3A-4F8B-9C1D-2E6F8A0B3C41}.Release|x64.ActiveCfg = Release|Any CPU
		{7D4C2B91-5E3A-4F8B-9C1D-2E6F8A0B3C41}.Release|x64.Build.0 = Release|Any CPU
		{7D4C2B91-5E3A-4F8B-9C1D-2E6F8A0B3C41}.Release|x86.ActiveCfg = Release|Any CPU
		{7D4C2B91-5E3A-4F8B-9C1D-2E6F8A0B3C41}.Release|x86.Build.0 = Release|Any CPU
		{8E5D3CA2-6F4B-4A9C-8D2E-3F7A9B1C4D52}.Debug|Any CPU.ActiveCfg = Debug|Any CPU
		{8E5D3CA2-6F4B-4A9C-8D2E-3F7A9B1C4D52}.Debug|Any CPU.Build.0 = Debug|Any CPU
		{8E5D3CA2-6F4B-4A9C-8D2E-3F7A9B1C4D52}.Debug|x64.ActiveCfg = Debug|Any CPU
		{8E5D3CA2-6F4B-4A9C-8D2E-3F7A9B1C4D52}.Debug|x64.Build.0 = Debug|Any CPU
		{8E5D3CA2-6F4B-4A9C-8D2E-3F7A9B1C4D52}.Debug|x86.ActiveCfg = Debug|Any CPU
		{8E5D3CA2-6F4B-4A9C-8D2E-3F7A9B1C4D52}.Debug|x86.Build.0 = Debug|Any CPU
		{8E5D3CA2-6F4B-4A9C-8D2E-3F7A9B1C4D52}.Release|Any CPU.ActiveCfg = Release|Any CPU
		{8E5D3CA2-6F4B-4A9C-8D2E-3F7A9B1C4D52}.Release|Any CPU.Build.0 = Release|Any CPU
		{8E5D3CA2-6F4B-4A9C-8D2E-3F7A9B1C4D52}.Release|x64.ActiveCfg = Release|Any CPU
		{8E5D3CA2-6F4B-4A9C-8D2E-3F7A9B1C4D52}.Release|x64.Build.0 = Release|Any CPU
		{8E5D3CA2-6F4B-4A9C-8D2E-3F7A9B1C4D52}.Release|x86.ActiveCfg = Release|Any CPU
		{8E5D3CA2-6F4B-4A9C-8D2E-3F7A9B1C4D52}.Release|x86.Build.0 = Release|Any CPU
		{9F6E4DB3-7A5C-4BAD-9E3F-4A8B0C2D5E63}.Debug|Any CPU.ActiveCfg = Debug|Any CPU
		{9F6E4DB3-7A5C-4BAD-9E3F-4A8B0C2D5E63}.Debug|Any CPU.Build.0 = Debug|Any CPU
		{9F6E4DB3-7A5C-4BAD-9E3F-4A8B0C2D5E63}.Debug|x64.ActiveCfg = Debug|Any CPU
		{9F6E4DB3-7A5C-4BAD-9E3F-4A8B0C2D5E63}.Debug|x64.Build.0 = Debug|Any CPU
		{9F6E4DB3-7A5C-4BAD-9E3F-4A8B0C2D5E63}.Debug|x86.ActiveCfg = Debug|Any CPU
		{9F6E4DB3-7A5C-4BAD-9E3F-4A8B0C2D5E63}.Debug|x86.Build.0 = Debug|Any CPU
		{9F6E4DB3-7A5C-4BAD-9E3F-4A8B0C2D5E63}.Release|Any CPU.ActiveCfg = Release|Any CPU
		{9F6E4DB3-7A5C-4BAD-9E3F-4A8B0C2D5E63}.Release|Any CPU.Build.0 = Release|Any CPU
		{9F6E4DB3-7A5C-4BAD-9E3F-4A8B0C2D5E63}.Release|x64.ActiveCfg = Release|Any CPU
		{9F6E4DB3-7A5C-4BAD-9E3F-4A8B0C2D5E63}.Release|x64.Build.0 = Release|Any CPU
		{9F6E4DB3-7A5C-4BAD-9E3F-4A8B0C2D5E63}.Release|x86.ActiveCfg = Release|Any CPU
		{9F6E4DB3-7A5C-4BAD-9E3F-4A8B0C2D5E63}.Release|x86.Build.0 = Release|Any CPU
		{A0F75EC4-8B6D-4CBE-AF40-5B9C1D3E6F74}.Debug|Any CPU.ActiveCfg = Debug|Any CPU
		{A0F75EC4-8B6D-4CBE-AF40-5B9C1D3E6F74}.Debug|Any CPU.Build.0 = Debug|Any CPU
		{A0F75EC4-8B6D-4CBE-AF40-5B9C1D3E6F74}.Debug|x64.ActiveCfg = Debug|Any CPU
		{A0F75EC4-8B6D-4CBE-AF40-5B9C1D3E6F74}.Debug|x64.Build.0 = Debug|Any CPU
		{A0F75EC4-8B6D-4CBE-AF40-5B9C1D3E6F74}.Debug|x86.ActiveCfg = Debug|Any CPU
		{A0F75EC4-8B6D-4CBE-AF40-5B9C1D3E6F74}.Debug|x86.Build.0 = Debug|Any CPU
		{A0F75EC4-8B6D-4CBE-AF40-5B9C1D3E6F74}.Release|Any CPU.ActiveCfg = Release|Any CPU
		{A0F75EC4-8B6D-4CBE-AF40-5B9C1D3E6F74}.Release|Any CPU.Build.0 = Release|Any CPU
		{A0F75EC4-8B6D-4CBE-AF40-5B9C1D3E6F74}.Release|x64.ActiveCfg = Release|Any CPU
		{A0F75EC4-8B6D-4CBE-AF40-5B9C1D3E6F74}.Release|x64.Build.0 = Release|Any CPU
		{A0F75EC4-8B6D-4CBE-AF40-5B9C1D3E6F74}.Release|x86.ActiveCfg = Release|Any CPU
		{A0F75EC4-8B6D-4CBE-AF40-5B9C1D3E6F74}.Release|x86.Build.0 = Release|Any CPU
	EndGlobalSection
	GlobalSection(SolutionProperties) = preSolution
		HideSolutionNode = FALSE
	EndGlobalSection
	GlobalSection(NestedProjects) = preSolution
		{C3B186ED-303A-47DA-9194-1487940D1B76} = {827E0CD3-B72D-47B6-A68D-7590B98EB39B}
		{457EF81F-740D-477A-B42A-31448C309D32} = {827E0CD3-B72D-47B6-A68D-7590B98EB39B}
		{F74DEDD3-FBA4-488A-A066-238CBBB290CB} = {827E0CD3-B72D-47B6-A68D-7590B98EB39B}
		{55EBBA83-5C13-4EB3-B29C-866BBFAC7B77} = {827E0CD3-B72D-47B6-A68D-7590B98EB39B}
		{0ECB4AF3-68C1-425A-881B-D78D120F72FE} = {827E0CD3-B72D-47B6-A68D-7590B98EB39B}
		{9A6A9E2A-2B0C-4C7F-8F0F-7F7A8D9B6C11} = {827E0CD3-B72D-47B6-A68D-7590B98EB39B}
		{9C31551F-795A-4B62-93CD-D35F0D91F73E} = {C3B186ED-303A-47DA-9194-1487940D1B76}
		{3AA9F22E-A5B8-4716-A81B-46B5CFDD3CD3} = {C3B186ED-303A-47DA-9194-1487940D1B76}
		{BE214089-0974-4C47-95EA-EB1A059EB17A} = {C3B186ED-303A-47DA-9194-1487940D1B76}
		{CB4D8D70-B802-48EE-BA00-5D9CC66A6339} = {C3B186ED-303A-47DA-9194-1487940D1B76}
		{AD8A66D1-43F0-42CB-9BA4-D456C2A9C3E0} = {457EF81F-740D-477A-B42A-31448C309D32}
		{F70EA62B-E3C4-4FF3-8DA4-176C2EEB6577} = {457EF81F-740D-477A-B42A-31448C309D32}
		{6A81CEC0-A903-4831-8F16-CF6D2A9F58BA} = {457EF81F-740D-477A-B42A-31448C309D32}
		{869D6510-4C5E-4840-B50D-9847B2B1AAE7} = {457EF81F-740D-477A-B42A-31448C309D32}
		{0C294240-346F-488C-96E3-6B84144828DB} = {457EF81F-740D-477A-B42A-31448C309D32}
		{6BD0B996-C446-4040-A5A3-0052B5864ED6} = {457EF81F-740D-477A-B42A-31448C309D32}
		{4E9C2A7B-1D3F-4B8E-A5C6-7D8E9F0A1B2C} = {457EF81F-740D-477A-B42A-31448C309D32}
		{13D74529-E7F0-4520-BC27-818544CD788B} = {457EF81F-740D-477A-B42A-31448C309D32}
		{3110E57D-2F92-4EF9-A8B8-0BD31025C0D6} = {457EF81F-740D-477A-B42A-31448C309D32}
		{1D196AB0-036F-4DB8-BCDB-1AD232D81966} = {F74DEDD3-FBA4-488A-A066-238CBBB290CB}
		{F52EDA76-67AE-447E-B84C-854EDBB3A146} = {F74DEDD3-FBA4-488A-A066-238CBBB290CB}
		{4D195EEA-AC60-48B6-913D-BEE1D35A6E51} = {F74DEDD3-FBA4-488A-A066-238CBBB290CB}
		{AAB642BF-FD1C-480B-A767-A1311FEDCE81} = {F74DEDD3-FBA4-488A-A066-238CBBB290CB}
		{9E9B7555-EAE9-490E-84D7-7CFFE22323E2} = {55EBBA83-5C13-4EB3-B29C-866BBFAC7B77}
		{DF64BC4D-3BAD-4C4E-8BAF-F2CEDA4E0782} = {0ECB4AF3-68C1-425A-881B-D78D120F72FE}
		{5E80A16A-2DFE-44F7-BAD8-CA10CAFC5FB9} = {0AB3BF05-4346-4AA6-1389-037BE0695223}
		{863F9188-7D19-4E8A-AECB-91DBB844A712} = {0AB3BF05-4346-4AA6-1389-037BE0695223}
		{B3F27179-AF7F-4395-ABB4-3FED7533225A} = {0AB3BF05-4346-4AA6-1389-037BE0695223}
		{ECA9367B-D3FE-4A13-ABF0-F451C331A885} = {0AB3BF05-4346-4AA6-1389-037BE0695223}
		{1D769E33-7AF6-4B4C-8E93-2F66459EE8CF} = {0AB3BF05-4346-4AA6-1389-037BE0695223}
		{409AE0A4-297D-47EB-A821-9FD9449A3CC5} = {0AB3BF05-4346-4AA6-1389-037BE0695223}
		{A38398BD-C154-43AF-97E9-80D9641F6B52} = {0AB3BF05-4346-4AA6-1389-037BE0695223}
		{E4CD7EF3-7F44-4BCB-8D65-ABF3505BF96F} = {0AB3BF05-4346-4AA6-1389-037BE0695223}
		{BB8CC93D-4B9E-4267-9CEE-697C1B176E39} = {0AB3BF05-4346-4AA6-1389-037BE0695223}
		{22D12880-4BD2-4AC0-9927-A4DC01455678} = {55EBBA83-5C13-4EB3-B29C-866BBFAC7B77}
		{377BE963-83D9-4EE0-9DF0-D33C57979829} = {55EBBA83-5C13-4EB3-B29C-866BBFAC7B77}
		{0CF99684-818C-4EA0-9C33-2AF857F171E8} = {55EBBA83-5C13-4EB3-B29C-866BBFAC7B77}
		{FB37CA6E-98AA-4F42-801C-AB9F100786E3} = {55EBBA83-5C13-4EB3-B29C-866BBFAC7B77}
		{4447E6C4-65C5-4628-BE02-13DE2A81AC8F} = {0AB3BF05-4346-4AA6-1389-037BE0695223}
		{8137E2F3-0F36-4CFD-B776-2F52C510D875} = {FF13A09E-0E72-1904-124B-A4E979EF28D3}
		{7D4C2B91-5E3A-4F8B-9C1D-2E6F8A0B3C41} = {C3B186ED-303A-47DA-9194-1487940D1B76}
		{8E5D3CA2-6F4B-4A9C-8D2E-3F7A9B1C4D52} = {C3B186ED-303A-47DA-9194-1487940D1B76}
		{9F6E4DB3-7A5C-4BAD-9E3F-4A8B0C2D5E63} = {C3B186ED-303A-47DA-9194-1487940D1B76}
		{A0F75EC4-8B6D-4CBE-AF40-5B9C1D3E6F74} = {0AB3BF05-4346-4AA6-1389-037BE0695223}
	EndGlobalSection
EndGlobal
