
Microsoft Visual Studio Solution File, Format Version 12.00
# Visual Studio Version 17
VisualStudioVersion = 17.0.31903.59
MinimumVisualStudioVersion = 10.0.40219.1
Project("{2150E333-8FDC-42A3-9474-1A3956D46DE8}") = "src", "src", "{827E0CD3-B72D-47B6-A68D-7590B98EB39B}"
EndProject
Project("{FAE04EC0-301F-11D3-BF4B-00C04F79EFBC}") = "Kubuno.VisualStudio.Core", "src\Kubuno.VisualStudio.Core\Kubuno.VisualStudio.Core.csproj", "{F70EA62B-E3C4-4FF3-8DA4-176C2EEB6577}"
EndProject
Project("{FAE04EC0-301F-11D3-BF4B-00C04F79EFBC}") = "Kubuno.VisualStudio", "src\Kubuno.VisualStudio\Kubuno.VisualStudio.csproj", "{9A6A9E2A-2B0C-4C7F-8F0F-7F7A8D9B6C11}"
EndProject
Project("{FAE04EC0-301F-11D3-BF4B-00C04F79EFBC}") = "Kubuno.Cargo", "src\Kubuno.Cargo\Kubuno.Cargo.csproj", "{6A81CEC0-A903-4831-8F16-CF6D2A9F58BA}"
EndProject
Project("{FAE04EC0-301F-11D3-BF4B-00C04F79EFBC}") = "Kubuno.Launch", "src\Kubuno.Launch\Kubuno.Launch.csproj", "{869D6510-4C5E-4840-B50D-9847B2B1AAE7}"
EndProject
Project("{FAE04EC0-301F-11D3-BF4B-00C04F79EFBC}") = "Kubuno.VisualStudio.Views", "src\Kubuno.VisualStudio.Views\Kubuno.VisualStudio.Views.csproj", "{324405DB-70E8-4FBB-B583-301706FC6C15}"
EndProject
Project("{FAE04EC0-301F-11D3-BF4B-00C04F79EFBC}") = "Kubuno.VisualStudio.Designer", "src\Kubuno.VisualStudio.Designer\Kubuno.VisualStudio.Designer.csproj", "{1D196AB0-036F-4DB8-BCDB-1AD232D81966}"
EndProject
Project("{FAE04EC0-301F-11D3-BF4B-00C04F79EFBC}") = "Kubuno.TestAdapter", "src\Kubuno.TestAdapter\Kubuno.TestAdapter.csproj", "{6BD0B996-C446-4040-A5A3-0052B5864ED6}"
EndProject
Project("{FAE04EC0-301F-11D3-BF4B-00C04F79EFBC}") = "Kubuno.Mcp", "src\Kubuno.Mcp\Kubuno.Mcp.csproj", "{BE214089-0974-4C47-95EA-EB1A059EB17A}"
EndProject
Project("{FAE04EC0-301F-11D3-BF4B-00C04F79EFBC}") = "Kubuno.Mcp.Bridge", "src\Kubuno.Mcp.Bridge\Kubuno.Mcp.Bridge.csproj", "{CB4D8D70-B802-48EE-BA00-5D9CC66A6339}"
EndProject
Project("{FAE04EC0-301F-11D3-BF4B-00C04F79EFBC}") = "Kubuno.Cargo.MSBuild.Tasks", "src\Kubuno.Cargo.MSBuild.Tasks\Kubuno.Cargo.MSBuild.Tasks.csproj", "{3110E57D-2F92-4EF9-A8B8-0BD31025C0D6}"
EndProject
Project("{FAE04EC0-301F-11D3-BF4B-00C04F79EFBC}") = "Kubuno.Rust.Sdk", "sdk\Kubuno.Rust.Sdk\Kubuno.Rust.Sdk.csproj", "{421C0240-90EB-4CF9-9BE4-FA0957DE4276}"
EndProject
Project("{2150E333-8FDC-42A3-9474-1A3956D46DE8}") = "tests", "tests", "{0AB3BF05-4346-4AA6-1389-037BE0695223}"
EndProject
Project("{FAE04EC0-301F-11D3-BF4B-00C04F79EFBC}") = "Kubuno.VisualStudio.Tests", "tests\Kubuno.VisualStudio.Tests\Kubuno.VisualStudio.Tests.csproj", "{B3F27179-AF7F-4395-ABB4-3FED7533225A}"
EndProject
Project("{FAE04EC0-301F-11D3-BF4B-00C04F79EFBC}") = "Kubuno.Cargo.Tests", "tests\Kubuno.Cargo.Tests\Kubuno.Cargo.Tests.csproj", "{ECA9367B-D3FE-4A13-ABF0-F451C331A885}"
EndProject
Project("{FAE04EC0-301F-11D3-BF4B-00C04F79EFBC}") = "Kubuno.Launch.Tests", "tests\Kubuno.Launch.Tests\Kubuno.Launch.Tests.csproj", "{1D769E33-7AF6-4B4C-8E93-2F66459EE8CF}"
EndProject
Project("{FAE04EC0-301F-11D3-BF4B-00C04F79EFBC}") = "Kubuno.VisualStudio.Views.Tests", "tests\Kubuno.VisualStudio.Views.Tests\Kubuno.VisualStudio.Views.Tests.csproj", "{B46284AA-56BA-40B6-AF35-29493FD2A52F}"
EndProject
Project("{FAE04EC0-301F-11D3-BF4B-00C04F79EFBC}") = "Kubuno.TestAdapter.Tests", "tests\Kubuno.TestAdapter.Tests\Kubuno.TestAdapter.Tests.csproj", "{409AE0A4-297D-47EB-A821-9FD9449A3CC5}"
EndProject
Project("{FAE04EC0-301F-11D3-BF4B-00C04F79EFBC}") = "Kubuno.Mcp.Tests", "tests\Kubuno.Mcp.Tests\Kubuno.Mcp.Tests.csproj", "{863F9188-7D19-4E8A-AECB-91DBB844A712}"
EndProject
Project("{FAE04EC0-301F-11D3-BF4B-00C04F79EFBC}") = "Kubuno.VisualStudio.Designer.Tests", "tests\Kubuno.VisualStudio.Designer.Tests\Kubuno.VisualStudio.Designer.Tests.csproj", "{E4CD7EF3-7F44-4BCB-8D65-ABF3505BF96F}"
EndProject
Project("{FAE04EC0-301F-11D3-BF4B-00C04F79EFBC}") = "Kubuno.Cargo.MSBuild.Tasks.Tests", "tests\Kubuno.Cargo.MSBuild.Tasks.Tests\Kubuno.Cargo.MSBuild.Tasks.Tests.csproj", "{A38398BD-C154-43AF-97E9-80D9641F6B52}"
EndProject
Project("{FAE04EC0-301F-11D3-BF4B-00C04F79EFBC}") = "Kubuno.VisualStudio.RustProjectSystem", "src\Kubuno.VisualStudio.RustProjectSystem\Kubuno.VisualStudio.RustProjectSystem.csproj", "{0C294240-346F-488C-96E3-6B84144828DB}"
EndProject
Global
	GlobalSection(SolutionConfigurationPlatforms) = preSolution
		Debug|Any CPU = Debug|Any CPU
		Debug|x64 = Debug|x64
		Debug|x86 = Debug|x86
		Release|Any CPU = Release|Any CPU
		Release|x64 = Release|x64
		Release|x86 = Release|x86
	EndGlobalSection
	GlobalSection(ProjectConfigurationPlatforms) = postSolution
		{F70EA62B-E3C4-4FF3-8DA4-176C2EEB6577}.Debug|Any CPU.ActiveCfg = Debug|Any CPU
		{F70EA62B-E3C4-4FF3-8DA4-176C2EEB6577}.Debug|Any CPU.Build.0 = Debug|Any CPU
		{F70EA62B-E3C4-4FF3-8DA4-176C2EEB6577}.Debug|x64.ActiveCfg = Debug|Any CPU
		{F70EA62B-E3C4-4FF3-8DA4-176C2EEB6577}.Debug|x64.Build.0 = Debug|Any CPU
		{F70EA62B-E3C4-4FF3-8DA4-176C2EEB6577}.Debug|x86.ActiveCfg = Debug|Any CPU
		{F70EA62B-E3C4-4FF3-8DA4-176C2EEB6577}.Debug|x86.Build.0 = Debug|Any CPU
		{F70EA62B-E3C4-4FF3-8DA4-176C2EEB6577}.Release|Any CPU.ActiveCfg = Release|Any CPU
		{F70EA62B-E3C4-4FF3-8DA4-176C2EEB6577}.Release|Any CPU.Build.0 = Release|Any CPU
		{F70EA62B-E3C4-4FF3-8DA4-176C2EEB6577}.Release|x64.ActiveCfg = Release|Any CPU
		{F70EA62B-E3C4-4FF3-8DA4-176C2EEB6577}.Release|x64.Build.0 = Release|Any CPU
		{F70EA62B-E3C4-4FF3-8DA4-176C2EEB6577}.Release|x86.ActiveCfg = Release|Any CPU
		{F70EA62B-E3C4-4FF3-8DA4-176C2EEB6577}.Release|x86.Build.0 = Release|Any CPU
		{9A6A9E2A-2B0C-4C7F-8F0F-7F7A8D9B6C11}.Debug|Any CPU.ActiveCfg = Debug|Any CPU
		{9A6A9E2A-2B0C-4C7F-8F0F-7F7A8D9B6C11}.Debug|Any CPU.Build.0 = Debug|Any CPU
		{9A6A9E2A-2B0C-4C7F-8F0F-7F7A8D9B6C11}.Debug|x64.ActiveCfg = Debug|Any CPU
		{9A6A9E2A-2B0C-4C7F-8F0F-7F7A8D9B6C11}.Debug|x64.Build.0 = Debug|Any CPU
		{9A6A9E2A-2B0C-4C7F-8F0F-7F7A8D9B6C11}.Debug|x86.ActiveCfg = Debug|Any CPU
		{9A6A9E2A-2B0C-4C7F-8F0F-7F7A8D9B6C11}.Debug|x86.Build.0 = Debug|Any CPU
		{9A6A9E2A-2B0C-4C7F-8F0F-7F7A8D9B6C11}.Release|Any CPU.ActiveCfg = Release|Any CPU
		{9A6A9E2A-2B0C-4C7F-8F0F-7F7A8D9B6C11}.Release|Any CPU.Build.0 = Release|Any CPU
		{9A6A9E2A-2B0C-4C7F-8F0F-7F7A8D9B6C11}.Release|x64.ActiveCfg = Release|Any CPU
		{9A6A9E2A-2B0C-4C7F-8F0F-7F7A8D9B6C11}.Release|x64.Build.0 = Release|Any CPU
		{9A6A9E2A-2B0C-4C7F-8F0F-7F7A8D9B6C11}.Release|x86.ActiveCfg = Release|Any CPU
		{9A6A9E2A-2B0C-4C7F-8F0F-7F7A8D9B6C11}.Release|x86.Build.0 = Release|Any CPU
		{6A81CEC0-A903-4831-8F16-CF6D2A9F58BA}.Debug|Any CPU.ActiveCfg = Debug|Any CPU
		{6A81CEC0-A903-4831-8F16-CF6D2A9F58BA}.Debug|Any CPU.Build.0 = Debug|Any CPU
		{6A81CEC0-A903-4831-8F16-CF6D2A9F58BA}.Debug|x64.ActiveCfg = Debug|Any CPU
		{6A81CEC0-A903-4831-8F16-CF6D2A9F58BA}.Debug|x64.Build.0 = Debug|Any CPU
		{6A81CEC0-A903-4831-8F16-CF6D2A9F58BA}.Debug|x86.ActiveCfg = Debug|Any CPU
		{6A81CEC0-A903-4831-8F16-CF6D2A9F58BA}.Debug|x86.Build.0 = Debug|Any CPU
		{6A81CEC0-A903-4831-8F16-CF6D2A9F58BA}.Release|Any CPU.ActiveCfg = Release|Any CPU
		{6A81CEC0-A903-4831-8F16-CF6D2A9F58BA}.Release|Any CPU.Build.0 = Release|Any CPU
		{6A81CEC0-A903-4831-8F16-CF6D2A9F58BA}.Release|x64.ActiveCfg = Release|Any CPU
		{6A81CEC0-A903-4831-8F16-CF6D2A9F58BA}.Release|x64.Build.0 = Release|Any CPU
		{6A81CEC0-A903-4831-8F16-CF6D2A9F58BA}.Release|x86.ActiveCfg = Release|Any CPU
		{6A81CEC0-A903-4831-8F16-CF6D2A9F58BA}.Release|x86.Build.0 = Release|Any CPU
		{869D6510-4C5E-4840-B50D-9847B2B1AAE7}.Debug|Any CPU.ActiveCfg = Debug|Any CPU
		{869D6510-4C5E-4840-B50D-9847B2B1AAE7}.Debug|Any CPU.Build.0 = Debug|Any CPU
		{869D6510-4C5E-4840-B50D-9847B2B1AAE7}.Debug|x64.ActiveCfg = Debug|Any CPU
		{869D6510-4C5E-4840-B50D-9847B2B1AAE7}.Debug|x64.Build.0 = Debug|Any CPU
		{869D6510-4C5E-4840-B50D-9847B2B1AAE7}.Debug|x86.ActiveCfg = Debug|Any CPU
		{869D6510-4C5E-4840-B50D-9847B2B1AAE7}.Debug|x86.Build.0 = Debug|Any CPU
		{869D6510-4C5E-4840-B50D-9847B2B1AAE7}.Release|Any CPU.ActiveCfg = Release|Any CPU
		{869D6510-4C5E-4840-B50D-9847B2B1AAE7}.Release|Any CPU.Build.0 = Release|Any CPU
		{869D6510-4C5E-4840-B50D-9847B2B1AAE7}.Release|x64.ActiveCfg = Release|Any CPU
		{869D6510-4C5E-4840-B50D-9847B2B1AAE7}.Release|x64.Build.0 = Release|Any CPU
		{869D6510-4C5E-4840-B50D-9847B2B1AAE7}.Release|x86.ActiveCfg = Release|Any CPU
		{869D6510-4C5E-4840-B50D-9847B2B1AAE7}.Release|x86.Build.0 = Release|Any CPU
		{324405DB-70E8-4FBB-B583-301706FC6C15}.Debug|Any CPU.ActiveCfg = Debug|Any CPU
		{324405DB-70E8-4FBB-B583-301706FC6C15}.Debug|Any CPU.Build.0 = Debug|Any CPU
		{324405DB-70E8-4FBB-B583-301706FC6C15}.Debug|x64.ActiveCfg = Debug|Any CPU
		{324405DB-70E8-4FBB-B583-301706FC6C15}.Debug|x64.Build.0 = Debug|Any CPU
		{324405DB-70E8-4FBB-B583-301706FC6C15}.Debug|x86.ActiveCfg = Debug|Any CPU
		{324405DB-70E8-4FBB-B583-301706FC6C15}.Debug|x86.Build.0 = Debug|Any CPU
		{324405DB-70E8-4FBB-B583-301706FC6C15}.Release|Any CPU.ActiveCfg = Release|Any CPU
		{324405DB-70E8-4FBB-B583-301706FC6C15}.Release|Any CPU.Build.0 = Release|Any CPU
		{324405DB-70E8-4FBB-B583-301706FC6C15}.Release|x64.ActiveCfg = Release|Any CPU
		{324405DB-70E8-4FBB-B583-301706FC6C15}.Release|x64.Build.0 = Release|Any CPU
		{324405DB-70E8-4FBB-B583-301706FC6C15}.Release|x86.ActiveCfg = Release|Any CPU
		{324405DB-70E8-4FBB-B583-301706FC6C15}.Release|x86.Build.0 = Release|Any CPU
		{1D196AB0-036F-4DB8-BCDB-1AD232D81966}.Debug|Any CPU.ActiveCfg = Debug|Any CPU
		{1D196AB0-036F-4DB8-BCDB-1AD232D81966}.Debug|Any CPU.Build.0 = Debug|Any CPU
		{1D196AB0-036F-4DB8-BCDB-1AD232D81966}.Debug|x64.ActiveCfg = Debug|Any CPU
		{1D196AB0-036F-4DB8-BCDB-1AD232D81966}.Debug|x64.Build.0 = Debug|Any CPU
		{1D196AB0-036F-4DB8-BCDB-1AD232D81966}.Debug|x86.ActiveCfg = Debug|Any CPU
		{1D196AB0-036F-4DB8-BCDB-1AD232D81966}.Debug|x86.Build.0 = Debug|Any CPU
		{1D196AB0-036F-4DB8-BCDB-1AD232D81966}.Release|Any CPU.ActiveCfg = Release|Any CPU
		{1D196AB0-036F-4DB8-BCDB-1AD232D81966}.Release|Any CPU.Build.0 = Release|Any CPU
		{1D196AB0-036F-4DB8-BCDB-1AD232D81966}.Release|x64.ActiveCfg = Release|Any CPU
		{1D196AB0-036F-4DB8-BCDB-1AD232D81966}.Release|x64.Build.0 = Release|Any CPU
		{1D196AB0-036F-4DB8-BCDB-1AD232D81966}.Release|x86.ActiveCfg = Release|Any CPU
		{1D196AB0-036F-4DB8-BCDB-1AD232D81966}.Release|x86.Build.0 = Release|Any CPU
		{6BD0B996-C446-4040-A5A3-0052B5864ED6}.Debug|Any CPU.ActiveCfg = Debug|Any CPU
		{6BD0B996-C446-4040-A5A3-0052B5864ED6}.Debug|Any CPU.Build.0 = Debug|Any CPU
		{6BD0B996-C446-4040-A5A3-0052B5864ED6}.Debug|x64.ActiveCfg = Debug|Any CPU
		{6BD0B996-C446-4040-A5A3-0052B5864ED6}.Debug|x64.Build.0 = Debug|Any CPU
		{6BD0B996-C446-4040-A5A3-0052B5864ED6}.Debug|x86.ActiveCfg = Debug|Any CPU
		{6BD0B996-C446-4040-A5A3-0052B5864ED6}.Debug|x86.Build.0 = Debug|Any CPU
		{6BD0B996-C446-4040-A5A3-0052B5864ED6}.Release|Any CPU.ActiveCfg = Release|Any CPU
		{6BD0B996-C446-4040-A5A3-0052B5864ED6}.Release|Any CPU.Build.0 = Release|Any CPU
		{6BD0B996-C446-4040-A5A3-0052B5864ED6}.Release|x64.ActiveCfg = Release|Any CPU
		{6BD0B996-C446-4040-A5A3-0052B5864ED6}.Release|x64.Build.0 = Release|Any CPU
		{6BD0B996-C446-4040-A5A3-0052B5864ED6}.Release|x86.ActiveCfg = Release|Any CPU
		{6BD0B996-C446-4040-A5A3-0052B5864ED6}.Release|x86.Build.0 = Release|Any CPU
		{BE214089-0974-4C47-95EA-EB1A059EB17A}.Debug|Any CPU.ActiveCfg = Debug|Any CPU
		{BE214089-0974-4C47-95EA-EB1A059EB17A}.Debug|Any CPU.Build.0 = Debug|Any CPU
		{BE214089-0974-4C47-95EA-EB1A059EB17A}.Debug|x64.ActiveCfg = Debug|Any CPU
		{BE214089-0974-4C47-95EA-EB1A059EB17A}.Debug|x64.Build.0 = Debug|Any CPU
		{BE214089-0974-4C47-95EA-EB1A059EB17A}.Debug|x86.ActiveCfg = Debug|Any CPU
		{BE214089-0974-4C47-95EA-EB1A059EB17A}.Debug|x86.Build.0 = Debug|Any CPU
		{BE214089-0974-4C47-95EA-EB1A059EB17A}.Release|Any CPU.ActiveCfg = Release|Any CPU
		{BE214089-0974-4C47-95EA-EB1A059EB17A}.Release|Any CPU.Build.0 = Release|Any CPU
		{BE214089-0974-4C47-95EA-EB1A059EB17A}.Release|x64.ActiveCfg = Release|Any CPU
		{BE214089-0974-4C47-95EA-EB1A059EB17A}.Release|x64.Build.0 = Release|Any CPU
		{BE214089-0974-4C47-95EA-EB1A059EB17A}.Release|x86.ActiveCfg = Release|Any CPU
		{BE214089-0974-4C47-95EA-EB1A059EB17A}.Release|x86.Build.0 = Release|Any CPU
		{CB4D8D70-B802-48EE-BA00-5D9CC66A6339}.Debug|Any CPU.ActiveCfg = Debug|Any CPU
		{CB4D8D70-B802-48EE-BA00-5D9CC66A6339}.Debug|Any CPU.Build.0 = Debug|Any CPU
		{CB4D8D70-B802-48EE-BA00-5D9CC66A6339}.Debug|x64.ActiveCfg = Debug|Any CPU
		{CB4D8D70-B802-48EE-BA00-5D9CC66A6339}.Debug|x64.Build.0 = Debug|Any CPU
		{CB4D8D70-B802-48EE-BA00-5D9CC66A6339}.Debug|x86.ActiveCfg = Debug|Any CPU
		{CB4D8D70-B802-48EE-BA00-5D9CC66A6339}.Debug|x86.Build.0 = Debug|Any CPU
		{CB4D8D70-B802-48EE-BA00-5D9CC66A6339}.Release|Any CPU.ActiveCfg = Release|Any CPU
		{CB4D8D70-B802-48EE-BA00-5D9CC66A6339}.Release|Any CPU.Build.0 = Release|Any CPU
		{CB4D8D70-B802-48EE-BA00-5D9CC66A6339}.Release|x64.ActiveCfg = Release|Any CPU
		{CB4D8D70-B802-48EE-BA00-5D9CC66A6339}.Release|x64.Build.0 = Release|Any CPU
		{CB4D8D70-B802-48EE-BA00-5D9CC66A6339}.Release|x86.ActiveCfg = Release|Any CPU
		{CB4D8D70-B802-48EE-BA00-5D9CC66A6339}.Release|x86.Build.0 = Release|Any CPU
		{3110E57D-2F92-4EF9-A8B8-0BD31025C0D6}.Debug|Any CPU.ActiveCfg = Debug|Any CPU
		{3110E57D-2F92-4EF9-A8B8-0BD31025C0D6}.Debug|Any CPU.Build.0 = Debug|Any CPU
		{3110E57D-2F92-4EF9-A8B8-0BD31025C0D6}.Debug|x64.ActiveCfg = Debug|Any CPU
		{3110E57D-2F92-4EF9-A8B8-0BD31025C0D6}.Debug|x64.Build.0 = Debug|Any CPU
		{3110E57D-2F92-4EF9-A8B8-0BD31025C0D6}.Debug|x86.ActiveCfg = Debug|Any CPU
		{3110E57D-2F92-4EF9-A8B8-0BD31025C0D6}.Debug|x86.Build.0 = Debug|Any CPU
		{3110E57D-2F92-4EF9-A8B8-0BD31025C0D6}.Release|Any CPU.ActiveCfg = Release|Any CPU
		{3110E57D-2F92-4EF9-A8B8-0BD31025C0D6}.Release|Any CPU.Build.0 = Release|Any CPU
		{3110E57D-2F92-4EF9-A8B8-0BD31025C0D6}.Release|x64.ActiveCfg = Release|Any CPU
		{3110E57D-2F92-4EF9-A8B8-0BD31025C0D6}.Release|x64.Build.0 = Release|Any CPU
		{3110E57D-2F92-4EF9-A8B8-0BD31025C0D6}.Release|x86.ActiveCfg = Release|Any CPU
		{3110E57D-2F92-4EF9-A8B8-0BD31025C0D6}.Release|x86.Build.0 = Release|Any CPU
		{421C0240-90EB-4CF9-9BE4-FA0957DE4276}.Debug|Any CPU.ActiveCfg = Debug|Any CPU
		{421C0240-90EB-4CF9-9BE4-FA0957DE4276}.Debug|Any CPU.Build.0 = Debug|Any CPU
		{421C0240-90EB-4CF9-9BE4-FA0957DE4276}.Debug|x64.ActiveCfg = Debug|Any CPU
		{421C0240-90EB-4CF9-9BE4-FA0957DE4276}.Debug|x64.Build.0 = Debug|Any CPU
		{421C0240-90EB-4CF9-9BE4-FA0957DE4276}.Debug|x86.ActiveCfg = Debug|Any CPU
		{421C0240-90EB-4CF9-9BE4-FA0957DE4276}.Debug|x86.Build.0 = Debug|Any CPU
		{421C0240-90EB-4CF9-9BE4-FA0957DE4276}.Release|Any CPU.ActiveCfg = Release|Any CPU
		{421C0240-90EB-4CF9-9BE4-FA0957DE4276}.Release|Any CPU.Build.0 = Release|Any CPU
		{421C0240-90EB-4CF9-9BE4-FA0957DE4276}.Release|x64.ActiveCfg = Release|Any CPU
		{421C0240-90EB-4CF9-9BE4-FA0957DE4276}.Release|x64.Build.0 = Release|Any CPU
		{421C0240-90EB-4CF9-9BE4-FA0957DE4276}.Release|x86.ActiveCfg = Release|Any CPU
		{421C0240-90EB-4CF9-9BE4-FA0957DE4276}.Release|x86.Build.0 = Release|Any CPU
		{B3F27179-AF7F-4395-ABB4-3FED7533225A}.Debug|Any CPU.ActiveCfg = Debug|Any CPU
		{B3F27179-AF7F-4395-ABB4-3FED7533225A}.Debug|Any CPU.Build.0 = Debug|Any CPU
		{B3F27179-AF7F-4395-ABB4-3FED7533225A}.Debug|x64.ActiveCfg = Debug|Any CPU
		{B3F27179-AF7F-4395-ABB4-3FED7533225A}.Debug|x64.Build.0 = Debug|Any CPU
		{B3F27179-AF7F-4395-ABB4-3FED7533225A}.Debug|x86.ActiveCfg = Debug|Any CPU
		{B3F27179-AF7F-4395-ABB4-3FED7533225A}.Debug|x86.Build.0 = Debug|Any CPU
		{B3F27179-AF7F-4395-ABB4-3FED7533225A}.Release|Any CPU.ActiveCfg = Release|Any CPU
		{B3F27179-AF7F-4395-ABB4-3FED7533225A}.Release|Any CPU.Build.0 = Release|Any CPU
		{B3F27179-AF7F-4395-ABB4-3FED7533225A}.Release|x64.ActiveCfg = Release|Any CPU
		{B3F27179-AF7F-4395-ABB4-3FED7533225A}.Release|x64.Build.0 = Release|Any CPU
		{B3F27179-AF7F-4395-ABB4-3FED7533225A}.Release|x86.ActiveCfg = Release|Any CPU
		{B3F27179-AF7F-4395-ABB4-3FED7533225A}.Release|x86.Build.0 = Release|Any CPU
		{ECA9367B-D3FE-4A13-ABF0-F451C331A885}.Debug|Any CPU.ActiveCfg = Debug|Any CPU
		{ECA9367B-D3FE-4A13-ABF0-F451C331A885}.Debug|Any CPU.Build.0 = Debug|Any CPU
		{ECA9367B-D3FE-4A13-ABF0-F451C331A885}.Debug|x64.ActiveCfg = Debug|Any CPU
		{ECA9367B-D3FE-4A13-ABF0-F451C331A885}.Debug|x64.Build.0 = Debug|Any CPU
		{ECA9367B-D3FE-4A13-ABF0-F451C331A885}.Debug|x86.ActiveCfg = Debug|Any CPU
		{ECA9367B-D3FE-4A13-ABF0-F451C331A885}.Debug|x86.Build.0 = Debug|Any CPU
		{ECA9367B-D3FE-4A13-ABF0-F451C331A885}.Release|Any CPU.ActiveCfg = Release|Any CPU
		{ECA9367B-D3FE-4A13-ABF0-F451C331A885}.Release|Any CPU.Build.0 = Release|Any CPU
		{ECA9367B-D3FE-4A13-ABF0-F451C331A885}.Release|x64.ActiveCfg = Release|Any CPU
		{ECA9367B-D3FE-4A13-ABF0-F451C331A885}.Release|x64.Build.0 = Release|Any CPU
		{ECA9367B-D3FE-4A13-ABF0-F451C331A885}.Release|x86.ActiveCfg = Release|Any CPU
		{ECA9367B-D3FE-4A13-ABF0-F451C331A885}.Release|x86.Build.0 = Release|Any CPU
		{1D769E33-7AF6-4B4C-8E93-2F66459EE8CF}.Debug|Any CPU.ActiveCfg = Debug|Any CPU
		{1D769E33-7AF6-4B4C-8E93-2F66459EE8CF}.Debug|Any CPU.Build.0 = Debug|Any CPU
		{1D769E33-7AF6-4B4C-8E93-2F66459EE8CF}.Debug|x64.ActiveCfg = Debug|Any CPU
		{1D769E33-7AF6-4B4C-8E93-2F66459EE8CF}.Debug|x64.Build.0 = Debug|Any CPU
		{1D769E33-7AF6-4B4C-8E93-2F66459EE8CF}.Debug|x86.ActiveCfg = Debug|Any CPU
		{1D769E33-7AF6-4B4C-8E93-2F66459EE8CF}.Debug|x86.Build.0 = Debug|Any CPU
		{1D769E33-7AF6-4B4C-8E93-2F66459EE8CF}.Release|Any CPU.ActiveCfg = Release|Any CPU
		{1D769E33-7AF6-4B4C-8E93-2F66459EE8CF}.Release|Any CPU.Build.0 = Release|Any CPU
		{1D769E33-7AF6-4B4C-8E93-2F66459EE8CF}.Release|x64.ActiveCfg = Release|Any CPU
		{1D769E33-7AF6-4B4C-8E93-2F66459EE8CF}.Release|x64.Build.0 = Release|Any CPU
		{1D769E33-7AF6-4B4C-8E93-2F66459EE8CF}.Release|x86.ActiveCfg = Release|Any CPU
		{1D769E33-7AF6-4B4C-8E93-2F66459EE8CF}.Release|x86.Build.0 = Release|Any CPU
		{B46284AA-56BA-40B6-AF35-29493FD2A52F}.Debug|Any CPU.ActiveCfg = Debug|Any CPU
		{B46284AA-56BA-40B6-AF35-29493FD2A52F}.Debug|Any CPU.Build.0 = Debug|Any CPU
		{B46284AA-56BA-40B6-AF35-29493FD2A52F}.Debug|x64.ActiveCfg = Debug|Any CPU
		{B46284AA-56BA-40B6-AF35-29493FD2A52F}.Debug|x64.Build.0 = Debug|Any CPU
		{B46284AA-56BA-40B6-AF35-29493FD2A52F}.Debug|x86.ActiveCfg = Debug|Any CPU
		{B46284AA-56BA-40B6-AF35-29493FD2A52F}.Debug|x86.Build.0 = Debug|Any CPU
		{B46284AA-56BA-40B6-AF35-29493FD2A52F}.Release|Any CPU.ActiveCfg = Release|Any CPU
		{B46284AA-56BA-40B6-AF35-29493FD2A52F}.Release|Any CPU.Build.0 = Release|Any CPU
		{B46284AA-56BA-40B6-AF35-29493FD2A52F}.Release|x64.ActiveCfg = Release|Any CPU
		{B46284AA-56BA-40B6-AF35-29493FD2A52F}.Release|x64.Build.0 = Release|Any CPU
		{B46284AA-56BA-40B6-AF35-29493FD2A52F}.Release|x86.ActiveCfg = Release|Any CPU
		{B46284AA-56BA-40B6-AF35-29493FD2A52F}.Release|x86.Build.0 = Release|Any CPU
		{409AE0A4-297D-47EB-A821-9FD9449A3CC5}.Debug|Any CPU.ActiveCfg = Debug|Any CPU
		{409AE0A4-297D-47EB-A821-9FD9449A3CC5}.Debug|Any CPU.Build.0 = Debug|Any CPU
		{409AE0A4-297D-47EB-A821-9FD9449A3CC5}.Debug|x64.ActiveCfg = Debug|Any CPU
		{409AE0A4-297D-47EB-A821-9FD9449A3CC5}.Debug|x64.Build.0 = Debug|Any CPU
		{409AE0A4-297D-47EB-A821-9FD9449A3CC5}.Debug|x86.ActiveCfg = Debug|Any CPU
		{409AE0A4-297D-47EB-A821-9FD9449A3CC5}.Debug|x86.Build.0 = Debug|Any CPU
		{409AE0A4-297D-47EB-A821-9FD9449A3CC5}.Release|Any CPU.ActiveCfg = Release|Any CPU
		{409AE0A4-297D-47EB-A821-9FD9449A3CC5}.Release|Any CPU.Build.0 = Release|Any CPU
		{409AE0A4-297D-47EB-A821-9FD9449A3CC5}.Release|x64.ActiveCfg = Release|Any CPU
		{409AE0A4-297D-47EB-A821-9FD9449A3CC5}.Release|x64.Build.0 = Release|Any CPU
		{409AE0A4-297D-47EB-A821-9FD9449A3CC5}.Release|x86.ActiveCfg = Release|Any CPU
		{409AE0A4-297D-47EB-A821-9FD9449A3CC5}.Release|x86.Build.0 = Release|Any CPU
		{863F9188-7D19-4E8A-AECB-91DBB844A712}.Debug|Any CPU.ActiveCfg = Debug|Any CPU
		{863F9188-7D19-4E8A-AECB-91DBB844A712}.Debug|Any CPU.Build.0 = Debug|Any CPU
		{863F9188-7D19-4E8A-AECB-91DBB844A712}.Debug|x64.ActiveCfg = Debug|Any CPU
		{863F9188-7D19-4E8A-AECB-91DBB844A712}.Debug|x64.Build.0 = Debug|Any CPU
		{863F9188-7D19-4E8A-AECB-91DBB844A712}.Debug|x86.ActiveCfg = Debug|Any CPU
		{863F9188-7D19-4E8A-AECB-91DBB844A712}.Debug|x86.Build.0 = Debug|Any CPU
		{863F9188-7D19-4E8A-AECB-91DBB844A712}.Release|Any CPU.ActiveCfg = Release|Any CPU
		{863F9188-7D19-4E8A-AECB-91DBB844A712}.Release|Any CPU.Build.0 = Release|Any CPU
		{863F9188-7D19-4E8A-AECB-91DBB844A712}.Release|x64.ActiveCfg = Release|Any CPU
		{863F9188-7D19-4E8A-AECB-91DBB844A712}.Release|x64.Build.0 = Release|Any CPU
		{863F9188-7D19-4E8A-AECB-91DBB844A712}.Release|x86.ActiveCfg = Release|Any CPU
		{863F9188-7D19-4E8A-AECB-91DBB844A712}.Release|x86.Build.0 = Release|Any CPU
		{E4CD7EF3-7F44-4BCB-8D65-ABF3505BF96F}.Debug|Any CPU.ActiveCfg = Debug|Any CPU
		{E4CD7EF3-7F44-4BCB-8D65-ABF3505BF96F}.Debug|Any CPU.Build.0 = Debug|Any CPU
		{E4CD7EF3-7F44-4BCB-8D65-ABF3505BF96F}.Debug|x64.ActiveCfg = Debug|Any CPU
		{E4CD7EF3-7F44-4BCB-8D65-ABF3505BF96F}.Debug|x64.Build.0 = Debug|Any CPU
		{E4CD7EF3-7F44-4BCB-8D65-ABF3505BF96F}.Debug|x86.ActiveCfg = Debug|Any CPU
		{E4CD7EF3-7F44-4BCB-8D65-ABF3505BF96F}.Debug|x86.Build.0 = Debug|Any CPU
		{E4CD7EF3-7F44-4BCB-8D65-ABF3505BF96F}.Release|Any CPU.ActiveCfg = Release|Any CPU
		{E4CD7EF3-7F44-4BCB-8D65-ABF3505BF96F}.Release|Any CPU.Build.0 = Release|Any CPU
		{E4CD7EF3-7F44-4BCB-8D65-ABF3505BF96F}.Release|x64.ActiveCfg = Release|Any CPU
		{E4CD7EF3-7F44-4BCB-8D65-ABF3505BF96F}.Release|x64.Build.0 = Release|Any CPU
		{E4CD7EF3-7F44-4BCB-8D65-ABF3505BF96F}.Release|x86.ActiveCfg = Release|Any CPU
		{E4CD7EF3-7F44-4BCB-8D65-ABF3505BF96F}.Release|x86.Build.0 = Release|Any CPU
		{A38398BD-C154-43AF-97E9-80D9641F6B52}.Debug|Any CPU.ActiveCfg = Debug|Any CPU
		{A38398BD-C154-43AF-97E9-80D9641F6B52}.Debug|Any CPU.Build.0 = Debug|Any CPU
		{A38398BD-C154-43AF-97E9-80D9641F6B52}.Debug|x64.ActiveCfg = Debug|Any CPU
		{A38398BD-C154-43AF-97E9-80D9641F6B52}.Debug|x64.Build.0 = Debug|Any CPU
		{A38398BD-C154-43AF-97E9-80D9641F6B52}.Debug|x86.ActiveCfg = Debug|Any CPU
		{A38398BD-C154-43AF-97E9-80D9641F6B52}.Debug|x86.Build.0 = Debug|Any CPU
		{A38398BD-C154-43AF-97E9-80D9641F6B52}.Release|Any CPU.ActiveCfg = Release|Any CPU
		{A38398BD-C154-43AF-97E9-80D9641F6B52}.Release|Any CPU.Build.0 = Release|Any CPU
		{A38398BD-C154-43AF-97E9-80D9641F6B52}.Release|x64.ActiveCfg = Release|Any CPU
		{A38398BD-C154-43AF-97E9-80D9641F6B52}.Release|x64.Build.0 = Release|Any CPU
		{A38398BD-C154-43AF-97E9-80D9641F6B52}.Release|x86.ActiveCfg = Release|Any CPU
		{A38398BD-C154-43AF-97E9-80D9641F6B52}.Release|x86.Build.0 = Release|Any CPU
		{0C294240-346F-488C-96E3-6B84144828DB}.Debug|Any CPU.ActiveCfg = Debug|Any CPU
		{0C294240-346F-488C-96E3-6B84144828DB}.Debug|Any CPU.Build.0 = Debug|Any CPU
		{0C294240-346F-488C-96E3-6B84144828DB}.Debug|x64.ActiveCfg = Debug|Any CPU
		{0C294240-346F-488C-96E3-6B84144828DB}.Debug|x64.Build.0 = Debug|Any CPU
		{0C294240-346F-488C-96E3-6B84144828DB}.Debug|x86.ActiveCfg = Debug|Any CPU
		{0C294240-346F-488C-96E3-6B84144828DB}.Debug|x86.Build.0 = Debug|Any CPU
		{0C294240-346F-488C-96E3-6B84144828DB}.Release|Any CPU.ActiveCfg = Release|Any CPU
		{0C294240-346F-488C-96E3-6B84144828DB}.Release|Any CPU.Build.0 = Release|Any CPU
		{0C294240-346F-488C-96E3-6B84144828DB}.Release|x64.ActiveCfg = Release|Any CPU
		{0C294240-346F-488C-96E3-6B84144828DB}.Release|x64.Build.0 = Release|Any CPU
		{0C294240-346F-488C-96E3-6B84144828DB}.Release|x86.ActiveCfg = Release|Any CPU
		{0C294240-346F-488C-96E3-6B84144828DB}.Release|x86.Build.0 = Release|Any CPU
	EndGlobalSection
	GlobalSection(SolutionProperties) = preSolution
		HideSolutionNode = FALSE
	EndGlobalSection
	GlobalSection(NestedProjects) = preSolution
		{F70EA62B-E3C4-4FF3-8DA4-176C2EEB6577} = {827E0CD3-B72D-47B6-A68D-7590B98EB39B}
		{9A6A9E2A-2B0C-4C7F-8F0F-7F7A8D9B6C11} = {827E0CD3-B72D-47B6-A68D-7590B98EB39B}
		{6A81CEC0-A903-4831-8F16-CF6D2A9F58BA} = {827E0CD3-B72D-47B6-A68D-7590B98EB39B}
		{869D6510-4C5E-4840-B50D-9847B2B1AAE7} = {827E0CD3-B72D-47B6-A68D-7590B98EB39B}
		{324405DB-70E8-4FBB-B583-301706FC6C15} = {827E0CD3-B72D-47B6-A68D-7590B98EB39B}
		{1D196AB0-036F-4DB8-BCDB-1AD232D81966} = {827E0CD3-B72D-47B6-A68D-7590B98EB39B}
		{6BD0B996-C446-4040-A5A3-0052B5864ED6} = {827E0CD3-B72D-47B6-A68D-7590B98EB39B}
		{BE214089-0974-4C47-95EA-EB1A059EB17A} = {827E0CD3-B72D-47B6-A68D-7590B98EB39B}
		{CB4D8D70-B802-48EE-BA00-5D9CC66A6339} = {827E0CD3-B72D-47B6-A68D-7590B98EB39B}
		{3110E57D-2F92-4EF9-A8B8-0BD31025C0D6} = {827E0CD3-B72D-47B6-A68D-7590B98EB39B}
		{B3F27179-AF7F-4395-ABB4-3FED7533225A} = {0AB3BF05-4346-4AA6-1389-037BE0695223}
		{ECA9367B-D3FE-4A13-ABF0-F451C331A885} = {0AB3BF05-4346-4AA6-1389-037BE0695223}
		{1D769E33-7AF6-4B4C-8E93-2F66459EE8CF} = {0AB3BF05-4346-4AA6-1389-037BE0695223}
		{B46284AA-56BA-40B6-AF35-29493FD2A52F} = {0AB3BF05-4346-4AA6-1389-037BE0695223}
		{409AE0A4-297D-47EB-A821-9FD9449A3CC5} = {0AB3BF05-4346-4AA6-1389-037BE0695223}
		{863F9188-7D19-4E8A-AECB-91DBB844A712} = {0AB3BF05-4346-4AA6-1389-037BE0695223}
		{E4CD7EF3-7F44-4BCB-8D65-ABF3505BF96F} = {0AB3BF05-4346-4AA6-1389-037BE0695223}
		{A38398BD-C154-43AF-97E9-80D9641F6B52} = {0AB3BF05-4346-4AA6-1389-037BE0695223}
		{0C294240-346F-488C-96E3-6B84144828DB} = {827E0CD3-B72D-47B6-A68D-7590B98EB39B}
	EndGlobalSection
EndGlobal
