
Microsoft Visual Studio Solution File, Format Version 12.00
# Visual Studio Version 17
VisualStudioVersion = 17.0.31903.59
MinimumVisualStudioVersion = 10.0.40219.1
Project("{6C7C4CB5-6E36-4C6F-9C6F-9C6E9B4D4C13}") = "hello-rust", "hello-rust\hello-rust.rsproj", "{2F1F6D9B-7C3F-4B7E-9A9E-6E3A4B7C8D1F}"
EndProject
Global
	GlobalSection(SolutionConfigurationPlatforms) = preSolution
		Debug|Any CPU = Debug|Any CPU
		Release|Any CPU = Release|Any CPU
	EndGlobalSection
	GlobalSection(ProjectConfigurationPlatforms) = postSolution
		{2F1F6D9B-7C3F-4B7E-9A9E-6E3A4B7C8D1F}.Debug|Any CPU.ActiveCfg = Debug|Any CPU
		{2F1F6D9B-7C3F-4B7E-9A9E-6E3A4B7C8D1F}.Debug|Any CPU.Build.0 = Debug|Any CPU
		{2F1F6D9B-7C3F-4B7E-9A9E-6E3A4B7C8D1F}.Release|Any CPU.ActiveCfg = Release|Any CPU
		{2F1F6D9B-7C3F-4B7E-9A9E-6E3A4B7C8D1F}.Release|Any CPU.Build.0 = Release|Any CPU
	EndGlobalSection
	GlobalSection(SolutionProperties) = preSolution
		HideSolutionNode = FALSE
	EndGlobalSection
EndGlobal
